// !$*UTF8*$!
{
	archiveVersion = 1;
	classes = {
	};
	objectVersion = 56;
	objects = {

/* Begin PBXBuildFile section */
		578723702B940CF40038DA4D /* SettingButton.swift in Sources */ = {isa = PBXBuildFile; fileRef = 5787236F2B940CF40038DA4D /* SettingButton.swift */; };
		578723722B945D670038DA4D /* Product.swift in Sources */ = {isa = PBXBuildFile; fileRef = 578723712B945D670038DA4D /* Product.swift */; };
		578723742B9462F50038DA4D /* ProductViewModel.swift in Sources */ = {isa = PBXBuildFile; fileRef = 578723732B9462F50038DA4D /* ProductViewModel.swift */; };
		578723762B94644E0038DA4D /* ProoductTableViewCell.swift in Sources */ = {isa = PBXBuildFile; fileRef = 578723752B94644E0038DA4D /* ProoductTableViewCell.swift */; };
		579B0F102B9A05FA00125D83 /* ProductDetailViewController.swift in Sources */ = {isa = PBXBuildFile; fileRef = 579B0F0F2B9A05FA00125D83 /* ProductDetailViewController.swift */; };
		57AE192D2B8E1374008F1033 /* AppDelegate.swift in Sources */ = {isa = PBXBuildFile; fileRef = 57AE192C2B8E1374008F1033 /* AppDelegate.swift */; };
		57AE192F2B8E1374008F1033 /* SceneDelegate.swift in Sources */ = {isa = PBXBuildFile; fileRef = 57AE192E2B8E1374008F1033 /* SceneDelegate.swift */; };
		57AE19312B8E1374008F1033 /* ProductViewController.swift in Sources */ = {isa = PBXBuildFile; fileRef = 57AE19302B8E1374008F1033 /* ProductViewController.swift */; };
		57AE19362B8E1376008F1033 /* Assets.xcassets in Resources */ = {isa = PBXBuildFile; fileRef = 57AE19352B8E1376008F1033 /* Assets.xcassets */; };
		57AE19492B8E1CA9008F1033 /* MainTabBarControllerViewController.swift in Sources */ = {isa = PBXBuildFile; fileRef = 57AE19482B8E1CA9008F1033 /* MainTabBarControllerViewController.swift */; };
		57AE194B2B8E1E77008F1033 /* StickerViewController.swift in Sources */ = {isa = PBXBuildFile; fileRef = 57AE194A2B8E1E77008F1033 /* StickerViewController.swift */; };
		57AE194D2B8E2369008F1033 /* SettingViewController.swift in Sources */ = {isa = PBXBuildFile; fileRef = 57AE194C2B8E2369008F1033 /* SettingViewController.swift */; };
		57AE19532B8E270E008F1033 /* HUDdiu150.otf in Resources */ = {isa = PBXBuildFile; fileRef = 57AE19522B8E270E008F1033 /* HUDdiu150.otf */; };
		57AE19552B8E27F3008F1033 /* LaunchScreen.storyboard in Resources */ = {isa = PBXBuildFile; fileRef = 57AE19542B8E27F3008F1033 /* LaunchScreen.storyboard */; };
		57AE195A2B8E2D4E008F1033 /* left.png in Resources */ = {isa = PBXBuildFile; fileRef = 57AE19582B8E2D4E008F1033 /* left.png */; };
		57AE195B2B8E2D4E008F1033 /* right.png in Resources */ = {isa = PBXBuildFile; fileRef = 57AE19592B8E2D4E008F1033 /* right.png */; };
		57AE195D2B8E2F8F008F1033 /* title.png in Resources */ = {isa = PBXBuildFile; fileRef = 57AE195C2B8E2F8F008F1033 /* title.png */; };
		57C780E82B90D0E500C00317 /* icon.png in Resources */ = {isa = PBXBuildFile; fileRef = 57C780E72B90D0E500C00317 /* icon.png */; };
		57C780EA2B921A9F00C00317 /* Pretendard-Medium.otf in Resources */ = {isa = PBXBuildFile; fileRef = 57C780E92B921A9F00C00317 /* Pretendard-Medium.otf */; };
		57C780EC2B934C2D00C00317 /* Pretendard-SemiBold.otf in Resources */ = {isa = PBXBuildFile; fileRef = 57C780EB2B934C2D00C00317 /* Pretendard-SemiBold.otf */; };
		57D3F1332B95AB290044D50A /* 망곰초코딸기샌드.jpeg in Resources */ = {isa = PBXBuildFile; fileRef = 57D3F1312B95AB290044D50A /* 망곰초코딸기샌드.jpeg */; };
		57D3F13D2B95EF3C0044D50A /* 망곰바질토마토베이글.jpeg in Resources */ = {isa = PBXBuildFile; fileRef = 57D3F1362B95EF3C0044D50A /* 망곰바질토마토베이글.jpeg */; };
		57D3F13E2B95EF3C0044D50A /* 망곰이의행운버거.jpeg in Resources */ = {isa = PBXBuildFile; fileRef = 57D3F1372B95EF3C0044D50A /* 망곰이의행운버거.jpeg */; };
		57D3F13F2B95EF3C0044D50A /* 망곰이의꿀호떡버거.jpeg in Resources */ = {isa = PBXBuildFile; fileRef = 57D3F1382B95EF3C0044D50A /* 망곰이의꿀호떡버거.jpeg */; };
		57D3F1402B95EF3C0044D50A /* 망곰이초코마카롱.jpeg in Resources */ = {isa = PBXBuildFile; fileRef = 57D3F1392B95EF3C0044D50A /* 망곰이초코마카롱.jpeg */; };
		57D3F1412B95EF3C0044D50A /* 망곰이딸기마카롱.jpeg in Resources */ = {isa = PBXBuildFile; fileRef = 57D3F13A2B95EF3C0044D50A /* 망곰이딸기마카롱.jpeg */; };
		57D3F1422B95EF3C0044D50A /* 망곰치즈감자베이글.jpeg in Resources */ = {isa = PBXBuildFile; fileRef = 57D3F13B2B95EF3C0044D50A /* 망곰치즈감자베이글.jpeg */; };
		57D3F1442B986FF20044D50A /* 망곰이의딸기샌드.jpeg in Resources */ = {isa = PBXBuildFile; fileRef = 57D3F1432B986FF20044D50A /* 망곰이의딸기샌드.jpeg */; };
		57D3F1462B98AB570044D50A /* ProductButton.swift in Sources */ = {isa = PBXBuildFile; fileRef = 57D3F1452B98AB570044D50A /* ProductButton.swift */; };
		57DD5E822B8F23E400A6CAAA /* 63.jpg in Resources */ = {isa = PBXBuildFile; fileRef = 57DD5E392B8F23E400A6CAAA /* 63.jpg */; };
		57DD5E832B8F23E400A6CAAA /* 62.jpg in Resources */ = {isa = PBXBuildFile; fileRef = 57DD5E3A2B8F23E400A6CAAA /* 62.jpg */; };
		57DD5E842B8F23E400A6CAAA /* 60.jpg in Resources */ = {isa = PBXBuildFile; fileRef = 57DD5E3B2B8F23E400A6CAAA /* 60.jpg */; };
		57DD5E852B8F23E400A6CAAA /* 48.jpg in Resources */ = {isa = PBXBuildFile; fileRef = 57DD5E3C2B8F23E400A6CAAA /* 48.jpg */; };
		57DD5E862B8F23E400A6CAAA /* 49.jpg in Resources */ = {isa = PBXBuildFile; fileRef = 57DD5E3D2B8F23E400A6CAAA /* 49.jpg */; };
		57DD5E872B8F23E400A6CAAA /* 61.jpg in Resources */ = {isa = PBXBuildFile; fileRef = 57DD5E3E2B8F23E400A6CAAA /* 61.jpg */; };
		57DD5E882B8F23E400A6CAAA /* 59.jpg in Resources */ = {isa = PBXBuildFile; fileRef = 57DD5E3F2B8F23E400A6CAAA /* 59.jpg */; };
		57DD5E892B8F23E400A6CAAA /* 71.jpg in Resources */ = {isa = PBXBuildFile; fileRef = 57DD5E402B8F23E400A6CAAA /* 71.jpg */; };
		57DD5E8A2B8F23E400A6CAAA /* 65.jpg in Resources */ = {isa = PBXBuildFile; fileRef = 57DD5E412B8F23E400A6CAAA /* 65.jpg */; };
		57DD5E8B2B8F23E400A6CAAA /* 64.jpg in Resources */ = {isa = PBXBuildFile; fileRef = 57DD5E422B8F23E400A6CAAA /* 64.jpg */; };
		57DD5E8C2B8F23E400A6CAAA /* 70.jpg in Resources */ = {isa = PBXBuildFile; fileRef = 57DD5E432B8F23E400A6CAAA /* 70.jpg */; };
		57DD5E8D2B8F23E400A6CAAA /* 58.jpg in Resources */ = {isa = PBXBuildFile; fileRef = 57DD5E442B8F23E400A6CAAA /* 58.jpg */; };
		57DD5E8E2B8F23E400A6CAAA /* 8.jpg in Resources */ = {isa = PBXBuildFile; fileRef = 57DD5E452B8F23E400A6CAAA /* 8.jpg */; };
		57DD5E8F2B8F23E400A6CAAA /* 66.jpg in Resources */ = {isa = PBXBuildFile; fileRef = 57DD5E462B8F23E400A6CAAA /* 66.jpg */; };
		57DD5E902B8F23E400A6CAAA /* 72.jpg in Resources */ = {isa = PBXBuildFile; fileRef = 57DD5E472B8F23E400A6CAAA /* 72.jpg */; };
		57DD5E912B8F23E400A6CAAA /* 73.jpg in Resources */ = {isa = PBXBuildFile; fileRef = 57DD5E482B8F23E400A6CAAA /* 73.jpg */; };
		57DD5E922B8F23E400A6CAAA /* 67.jpg in Resources */ = {isa = PBXBuildFile; fileRef = 57DD5E492B8F23E400A6CAAA /* 67.jpg */; };
		57DD5E932B8F23E400A6CAAA /* 9.jpg in Resources */ = {isa = PBXBuildFile; fileRef = 57DD5E4A2B8F23E400A6CAAA /* 9.jpg */; };
		57DD5E942B8F23E400A6CAAA /* 14.jpg in Resources */ = {isa = PBXBuildFile; fileRef = 57DD5E4B2B8F23E400A6CAAA /* 14.jpg */; };
		57DD5E952B8F23E400A6CAAA /* 28.jpg in Resources */ = {isa = PBXBuildFile; fileRef = 57DD5E4C2B8F23E400A6CAAA /* 28.jpg */; };
		57DD5E962B8F23E400A6CAAA /* 29.jpg in Resources */ = {isa = PBXBuildFile; fileRef = 57DD5E4D2B8F23E400A6CAAA /* 29.jpg */; };
		57DD5E972B8F23E400A6CAAA /* 15.jpg in Resources */ = {isa = PBXBuildFile; fileRef = 57DD5E4E2B8F23E400A6CAAA /* 15.jpg */; };
		57DD5E982B8F23E400A6CAAA /* 17.jpg in Resources */ = {isa = PBXBuildFile; fileRef = 57DD5E4F2B8F23E400A6CAAA /* 17.jpg */; };
		57DD5E992B8F23E400A6CAAA /* 16.jpg in Resources */ = {isa = PBXBuildFile; fileRef = 57DD5E502B8F23E400A6CAAA /* 16.jpg */; };
		57DD5E9A2B8F23E400A6CAAA /* 12.jpg in Resources */ = {isa = PBXBuildFile; fileRef = 57DD5E512B8F23E400A6CAAA /* 12.jpg */; };
		57DD5E9B2B8F23E400A6CAAA /* 13.jpg in Resources */ = {isa = PBXBuildFile; fileRef = 57DD5E522B8F23E400A6CAAA /* 13.jpg */; };
		57DD5E9C2B8F23E400A6CAAA /* 39.jpg in Resources */ = {isa = PBXBuildFile; fileRef = 57DD5E532B8F23E400A6CAAA /* 39.jpg */; };
		57DD5E9D2B8F23E400A6CAAA /* 11.jpg in Resources */ = {isa = PBXBuildFile; fileRef = 57DD5E542B8F23E400A6CAAA /* 11.jpg */; };
		57DD5E9E2B8F23E400A6CAAA /* 10.jpg in Resources */ = {isa = PBXBuildFile; fileRef = 57DD5E552B8F23E400A6CAAA /* 10.jpg */; };
		57DD5E9F2B8F23E400A6CAAA /* 38.jpg in Resources */ = {isa = PBXBuildFile; fileRef = 57DD5E562B8F23E400A6CAAA /* 38.jpg */; };
		57DD5EA02B8F23E400A6CAAA /* 21.jpg in Resources */ = {isa = PBXBuildFile; fileRef = 57DD5E572B8F23E400A6CAAA /* 21.jpg */; };
		57DD5EA12B8F23E400A6CAAA /* 35.jpg in Resources */ = {isa = PBXBuildFile; fileRef = 57DD5E582B8F23E400A6CAAA /* 35.jpg */; };
		57DD5EA22B8F23E400A6CAAA /* 34.jpg in Resources */ = {isa = PBXBuildFile; fileRef = 57DD5E592B8F23E400A6CAAA /* 34.jpg */; };
		57DD5EA32B8F23E400A6CAAA /* 20.jpg in Resources */ = {isa = PBXBuildFile; fileRef = 57DD5E5A2B8F23E400A6CAAA /* 20.jpg */; };
		57DD5EA42B8F23E400A6CAAA /* 36.jpg in Resources */ = {isa = PBXBuildFile; fileRef = 57DD5E5B2B8F23E400A6CAAA /* 36.jpg */; };
		57DD5EA52B8F23E400A6CAAA /* 22.jpg in Resources */ = {isa = PBXBuildFile; fileRef = 57DD5E5C2B8F23E400A6CAAA /* 22.jpg */; };
		57DD5EA62B8F23E400A6CAAA /* 23.jpg in Resources */ = {isa = PBXBuildFile; fileRef = 57DD5E5D2B8F23E400A6CAAA /* 23.jpg */; };
		57DD5EA72B8F23E400A6CAAA /* 37.jpg in Resources */ = {isa = PBXBuildFile; fileRef = 57DD5E5E2B8F23E400A6CAAA /* 37.jpg */; };
		57DD5EA82B8F23E400A6CAAA /* 33.jpg in Resources */ = {isa = PBXBuildFile; fileRef = 57DD5E5F2B8F23E400A6CAAA /* 33.jpg */; };
		57DD5EA92B8F23E400A6CAAA /* 27.jpg in Resources */ = {isa = PBXBuildFile; fileRef = 57DD5E602B8F23E400A6CAAA /* 27.jpg */; };
		57DD5EAA2B8F23E400A6CAAA /* 26.jpg in Resources */ = {isa = PBXBuildFile; fileRef = 57DD5E612B8F23E400A6CAAA /* 26.jpg */; };
		57DD5EAB2B8F23E400A6CAAA /* 32.jpg in Resources */ = {isa = PBXBuildFile; fileRef = 57DD5E622B8F23E400A6CAAA /* 32.jpg */; };
		57DD5EAC2B8F23E400A6CAAA /* 18.jpg in Resources */ = {isa = PBXBuildFile; fileRef = 57DD5E632B8F23E400A6CAAA /* 18.jpg */; };
		57DD5EAD2B8F23E400A6CAAA /* 24.jpg in Resources */ = {isa = PBXBuildFile; fileRef = 57DD5E642B8F23E400A6CAAA /* 24.jpg */; };
		57DD5EAE2B8F23E400A6CAAA /* 30.jpg in Resources */ = {isa = PBXBuildFile; fileRef = 57DD5E652B8F23E400A6CAAA /* 30.jpg */; };
		57DD5EAF2B8F23E400A6CAAA /* 31.jpg in Resources */ = {isa = PBXBuildFile; fileRef = 57DD5E662B8F23E400A6CAAA /* 31.jpg */; };
		57DD5EB02B8F23E400A6CAAA /* 25.jpg in Resources */ = {isa = PBXBuildFile; fileRef = 57DD5E672B8F23E400A6CAAA /* 25.jpg */; };
		57DD5EB12B8F23E400A6CAAA /* 19.jpg in Resources */ = {isa = PBXBuildFile; fileRef = 57DD5E682B8F23E400A6CAAA /* 19.jpg */; };
		57DD5EB22B8F23E400A6CAAA /* 42.jpg in Resources */ = {isa = PBXBuildFile; fileRef = 57DD5E692B8F23E400A6CAAA /* 42.jpg */; };
		57DD5EB32B8F23E400A6CAAA /* 4.jpg in Resources */ = {isa = PBXBuildFile; fileRef = 57DD5E6A2B8F23E400A6CAAA /* 4.jpg */; };
		57DD5EB42B8F23E400A6CAAA /* 56.jpg in Resources */ = {isa = PBXBuildFile; fileRef = 57DD5E6B2B8F23E400A6CAAA /* 56.jpg */; };
		57DD5EB52B8F23E400A6CAAA /* 5.jpg in Resources */ = {isa = PBXBuildFile; fileRef = 57DD5E6C2B8F23E400A6CAAA /* 5.jpg */; };
		57DD5EB62B8F23E400A6CAAA /* 57.jpg in Resources */ = {isa = PBXBuildFile; fileRef = 57DD5E6D2B8F23E400A6CAAA /* 57.jpg */; };
		57DD5EB72B8F23E400A6CAAA /* 43.jpg in Resources */ = {isa = PBXBuildFile; fileRef = 57DD5E6E2B8F23E400A6CAAA /* 43.jpg */; };
		57DD5EB82B8F23E400A6CAAA /* 55.jpg in Resources */ = {isa = PBXBuildFile; fileRef = 57DD5E6F2B8F23E400A6CAAA /* 55.jpg */; };
		57DD5EB92B8F23E400A6CAAA /* 7.jpg in Resources */ = {isa = PBXBuildFile; fileRef = 57DD5E702B8F23E400A6CAAA /* 7.jpg */; };
		57DD5EBA2B8F23E400A6CAAA /* 41.jpg in Resources */ = {isa = PBXBuildFile; fileRef = 57DD5E712B8F23E400A6CAAA /* 41.jpg */; };
		57DD5EBB2B8F23E400A6CAAA /* 69.jpg in Resources */ = {isa = PBXBuildFile; fileRef = 57DD5E722B8F23E400A6CAAA /* 69.jpg */; };
		57DD5EBC2B8F23E400A6CAAA /* 68.jpg in Resources */ = {isa = PBXBuildFile; fileRef = 57DD5E732B8F23E400A6CAAA /* 68.jpg */; };
		57DD5EBD2B8F23E400A6CAAA /* 40.jpg in Resources */ = {isa = PBXBuildFile; fileRef = 57DD5E742B8F23E400A6CAAA /* 40.jpg */; };
		57DD5EBE2B8F23E400A6CAAA /* 54.jpg in Resources */ = {isa = PBXBuildFile; fileRef = 57DD5E752B8F23E400A6CAAA /* 54.jpg */; };
		57DD5EBF2B8F23E400A6CAAA /* 6.jpg in Resources */ = {isa = PBXBuildFile; fileRef = 57DD5E762B8F23E400A6CAAA /* 6.jpg */; };
		57DD5EC02B8F23E400A6CAAA /* 2.jpg in Resources */ = {isa = PBXBuildFile; fileRef = 57DD5E772B8F23E400A6CAAA /* 2.jpg */; };
		57DD5EC12B8F23E400A6CAAA /* 50.jpg in Resources */ = {isa = PBXBuildFile; fileRef = 57DD5E782B8F23E400A6CAAA /* 50.jpg */; };
		57DD5EC22B8F23E400A6CAAA /* 44.jpg in Resources */ = {isa = PBXBuildFile; fileRef = 57DD5E792B8F23E400A6CAAA /* 44.jpg */; };
		57DD5EC32B8F23E400A6CAAA /* 45.jpg in Resources */ = {isa = PBXBuildFile; fileRef = 57DD5E7A2B8F23E400A6CAAA /* 45.jpg */; };
		57DD5EC42B8F23E400A6CAAA /* 3.jpg in Resources */ = {isa = PBXBuildFile; fileRef = 57DD5E7B2B8F23E400A6CAAA /* 3.jpg */; };
		57DD5EC52B8F23E400A6CAAA /* 51.jpg in Resources */ = {isa = PBXBuildFile; fileRef = 57DD5E7C2B8F23E400A6CAAA /* 51.jpg */; };
		57DD5EC62B8F23E400A6CAAA /* 47.jpg in Resources */ = {isa = PBXBuildFile; fileRef = 57DD5E7D2B8F23E400A6CAAA /* 47.jpg */; };
		57DD5EC72B8F23E400A6CAAA /* 53.jpg in Resources */ = {isa = PBXBuildFile; fileRef = 57DD5E7E2B8F23E400A6CAAA /* 53.jpg */; };
		57DD5EC82B8F23E400A6CAAA /* 1.jpg in Resources */ = {isa = PBXBuildFile; fileRef = 57DD5E7F2B8F23E400A6CAAA /* 1.jpg */; };
		57DD5EC92B8F23E400A6CAAA /* 52.jpg in Resources */ = {isa = PBXBuildFile; fileRef = 57DD5E802B8F23E400A6CAAA /* 52.jpg */; };
		57DD5ECA2B8F23E400A6CAAA /* 46.jpg in Resources */ = {isa = PBXBuildFile; fileRef = 57DD5E812B8F23E400A6CAAA /* 46.jpg */; };
/* End PBXBuildFile section */

/* Begin PBXFileReference section */
		5787236F2B940CF40038DA4D /* SettingButton.swift */ = {isa = PBXFileReference; lastKnownFileType = sourcecode.swift; path = SettingButton.swift; sourceTree = "<group>"; };
		578723712B945D670038DA4D /* Product.swift */ = {isa = PBXFileReference; lastKnownFileType = sourcecode.swift; path = Product.swift; sourceTree = "<group>"; };
		578723732B9462F50038DA4D /* ProductViewModel.swift */ = {isa = PBXFileReference; lastKnownFileType = sourcecode.swift; path = ProductViewModel.swift; sourceTree = "<group>"; };
		578723752B94644E0038DA4D /* ProoductTableViewCell.swift */ = {isa = PBXFileReference; lastKnownFileType = sourcecode.swift; path = ProoductTableViewCell.swift; sourceTree = "<group>"; };
		579B0F0F2B9A05FA00125D83 /* ProductDetailViewController.swift */ = {isa = PBXFileReference; lastKnownFileType = sourcecode.swift; path = ProductDetailViewController.swift; sourceTree = "<group>"; };
		57AE19292B8E1374008F1033 /* mangomDex.app */ = {isa = PBXFileReference; explicitFileType = wrapper.application; includeInIndex = 0; path = mangomDex.app; sourceTree = BUILT_PRODUCTS_DIR; };
		57AE192C2B8E1374008F1033 /* AppDelegate.swift */ = {isa = PBXFileReference; lastKnownFileType = sourcecode.swift; path = AppDelegate.swift; sourceTree = "<group>"; };
		57AE192E2B8E1374008F1033 /* SceneDelegate.swift */ = {isa = PBXFileReference; lastKnownFileType = sourcecode.swift; path = SceneDelegate.swift; sourceTree = "<group>"; };
		57AE19302B8E1374008F1033 /* ProductViewController.swift */ = {isa = PBXFileReference; lastKnownFileType = sourcecode.swift; path = ProductViewController.swift; sourceTree = "<group>"; };
		57AE19352B8E1376008F1033 /* Assets.xcassets */ = {isa = PBXFileReference; lastKnownFileType = folder.assetcatalog; path = Assets.xcassets; sourceTree = "<group>"; };
		57AE193A2B8E1376008F1033 /* Info.plist */ = {isa = PBXFileReference; lastKnownFileType = text.plist.xml; path = Info.plist; sourceTree = "<group>"; };
		57AE19482B8E1CA9008F1033 /* MainTabBarControllerViewController.swift */ = {isa = PBXFileReference; lastKnownFileType = sourcecode.swift; path = MainTabBarControllerViewController.swift; sourceTree = "<group>"; };
		57AE194A2B8E1E77008F1033 /* StickerViewController.swift */ = {isa = PBXFileReference; lastKnownFileType = sourcecode.swift; path = StickerViewController.swift; sourceTree = "<group>"; };
		57AE194C2B8E2369008F1033 /* SettingViewController.swift */ = {isa = PBXFileReference; lastKnownFileType = sourcecode.swift; path = SettingViewController.swift; sourceTree = "<group>"; };
		57AE19522B8E270E008F1033 /* HUDdiu150.otf */ = {isa = PBXFileReference; lastKnownFileType = file; path = HUDdiu150.otf; sourceTree = "<group>"; };
		57AE19542B8E27F3008F1033 /* LaunchScreen.storyboard */ = {isa = PBXFileReference; fileEncoding = 4; lastKnownFileType = file.storyboard; path = LaunchScreen.storyboard; sourceTree = "<group>"; };
		57AE19582B8E2D4E008F1033 /* left.png */ = {isa = PBXFileReference; lastKnownFileType = image.png; path = left.png; sourceTree = "<group>"; };
		57AE19592B8E2D4E008F1033 /* right.png */ = {isa = PBXFileReference; lastKnownFileType = image.png; path = right.png; sourceTree = "<group>"; };
		57AE195C2B8E2F8F008F1033 /* title.png */ = {isa = PBXFileReference; lastKnownFileType = image.png; path = title.png; sourceTree = "<group>"; };
		57C780E72B90D0E500C00317 /* icon.png */ = {isa = PBXFileReference; lastKnownFileType = image.png; path = icon.png; sourceTree = "<group>"; };
		57C780E92B921A9F00C00317 /* Pretendard-Medium.otf */ = {isa = PBXFileReference; lastKnownFileType = file; path = "Pretendard-Medium.otf"; sourceTree = "<group>"; };
		57C780EB2B934C2D00C00317 /* Pretendard-SemiBold.otf */ = {isa = PBXFileReference; lastKnownFileType = file; path = "Pretendard-SemiBold.otf"; sourceTree = "<group>"; };
		57D3F1312B95AB290044D50A /* 망곰초코딸기샌드.jpeg */ = {isa = PBXFileReference; lastKnownFileType = image.jpeg; path = "망곰초코딸기샌드.jpeg"; sourceTree = "<group>"; };
		57D3F1362B95EF3C0044D50A /* 망곰바질토마토베이글.jpeg */ = {isa = PBXFileReference; lastKnownFileType = image.jpeg; path = "망곰바질토마토베이글.jpeg"; sourceTree = "<group>"; };
		57D3F1372B95EF3C0044D50A /* 망곰이의행운버거.jpeg */ = {isa = PBXFileReference; lastKnownFileType = image.jpeg; path = "망곰이의행운버거.jpeg"; sourceTree = "<group>"; };
		57D3F1382B95EF3C0044D50A /* 망곰이의꿀호떡버거.jpeg */ = {isa = PBXFileReference; lastKnownFileType = image.jpeg; path = "망곰이의꿀호떡버거.jpeg"; sourceTree = "<group>"; };
		57D3F1392B95EF3C0044D50A /* 망곰이초코마카롱.jpeg */ = {isa = PBXFileReference; lastKnownFileType = image.jpeg; path = "망곰이초코마카롱.jpeg"; sourceTree = "<group>"; };
		57D3F13A2B95EF3C0044D50A /* 망곰이딸기마카롱.jpeg */ = {isa = PBXFileReference; lastKnownFileType = image.jpeg; path = "망곰이딸기마카롱.jpeg"; sourceTree = "<group>"; };
		57D3F13B2B95EF3C0044D50A /* 망곰치즈감자베이글.jpeg */ = {isa = PBXFileReference; lastKnownFileType = image.jpeg; path = "망곰치즈감자베이글.jpeg"; sourceTree = "<group>"; };
		57D3F1432B986FF20044D50A /* 망곰이의딸기샌드.jpeg */ = {isa = PBXFileReference; lastKnownFileType = image.jpeg; path = "망곰이의딸기샌드.jpeg"; sourceTree = "<group>"; };
		57D3F1452B98AB570044D50A /* ProductButton.swift */ = {isa = PBXFileReference; lastKnownFileType = sourcecode.swift; path = ProductButton.swift; sourceTree = "<group>"; };
		57DD5E392B8F23E400A6CAAA /* 63.jpg */ = {isa = PBXFileReference; lastKnownFileType = image.jpeg; path = 63.jpg; sourceTree = "<group>"; };
		57DD5E3A2B8F23E400A6CAAA /* 62.jpg */ = {isa = PBXFileReference; lastKnownFileType = image.jpeg; path = 62.jpg; sourceTree = "<group>"; };
		57DD5E3B2B8F23E400A6CAAA /* 60.jpg */ = {isa = PBXFileReference; lastKnownFileType = image.jpeg; path = 60.jpg; sourceTree = "<group>"; };
		57DD5E3C2B8F23E400A6CAAA /* 48.jpg */ = {isa = PBXFileReference; lastKnownFileType = image.jpeg; path = 48.jpg; sourceTree = "<group>"; };
		57DD5E3D2B8F23E400A6CAAA /* 49.jpg */ = {isa = PBXFileReference; lastKnownFileType = image.jpeg; path = 49.jpg; sourceTree = "<group>"; };
		57DD5E3E2B8F23E400A6CAAA /* 61.jpg */ = {isa = PBXFileReference; lastKnownFileType = image.jpeg; path = 61.jpg; sourceTree = "<group>"; };
		57DD5E3F2B8F23E400A6CAAA /* 59.jpg */ = {isa = PBXFileReference; lastKnownFileType = image.jpeg; path = 59.jpg; sourceTree = "<group>"; };
		57DD5E402B8F23E400A6CAAA /* 71.jpg */ = {isa = PBXFileReference; lastKnownFileType = image.jpeg; path = 71.jpg; sourceTree = "<group>"; };
		57DD5E412B8F23E400A6CAAA /* 65.jpg */ = {isa = PBXFileReference; lastKnownFileType = image.jpeg; path = 65.jpg; sourceTree = "<group>"; };
		57DD5E422B8F23E400A6CAAA /* 64.jpg */ = {isa = PBXFileReference; lastKnownFileType = image.jpeg; path = 64.jpg; sourceTree = "<group>"; };
		57DD5E432B8F23E400A6CAAA /* 70.jpg */ = {isa = PBXFileReference; lastKnownFileType = image.jpeg; path = 70.jpg; sourceTree = "<group>"; };
		57DD5E442B8F23E400A6CAAA /* 58.jpg */ = {isa = PBXFileReference; lastKnownFileType = image.jpeg; path = 58.jpg; sourceTree = "<group>"; };
		57DD5E452B8F23E400A6CAAA /* 8.jpg */ = {isa = PBXFileReference; lastKnownFileType = image.jpeg; path = 8.jpg; sourceTree = "<group>"; };
		57DD5E462B8F23E400A6CAAA /* 66.jpg */ = {isa = PBXFileReference; lastKnownFileType = image.jpeg; path = 66.jpg; sourceTree = "<group>"; };
		57DD5E472B8F23E400A6CAAA /* 72.jpg */ = {isa = PBXFileReference; lastKnownFileType = image.jpeg; path = 72.jpg; sourceTree = "<group>"; };
		57DD5E482B8F23E400A6CAAA /* 73.jpg */ = {isa = PBXFileReference; lastKnownFileType = image.jpeg; path = 73.jpg; sourceTree = "<group>"; };
		57DD5E492B8F23E400A6CAAA /* 67.jpg */ = {isa = PBXFileReference; lastKnownFileType = image.jpeg; path = 67.jpg; sourceTree = "<group>"; };
		57DD5E4A2B8F23E400A6CAAA /* 9.jpg */ = {isa = PBXFileReference; lastKnownFileType = image.jpeg; path = 9.jpg; sourceTree = "<group>"; };
		57DD5E4B2B8F23E400A6CAAA /* 14.jpg */ = {isa = PBXFileReference; lastKnownFileType = image.jpeg; path = 14.jpg; sourceTree = "<group>"; };
		57DD5E4C2B8F23E400A6CAAA /* 28.jpg */ = {isa = PBXFileReference; lastKnownFileType = image.jpeg; path = 28.jpg; sourceTree = "<group>"; };
		57DD5E4D2B8F23E400A6CAAA /* 29.jpg */ = {isa = PBXFileReference; lastKnownFileType = image.jpeg; path = 29.jpg; sourceTree = "<group>"; };
		57DD5E4E2B8F23E400A6CAAA /* 15.jpg */ = {isa = PBXFileReference; lastKnownFileType = image.jpeg; path = 15.jpg; sourceTree = "<group>"; };
		57DD5E4F2B8F23E400A6CAAA /* 17.jpg */ = {isa = PBXFileReference; lastKnownFileType = image.jpeg; path = 17.jpg; sourceTree = "<group>"; };
		57DD5E502B8F23E400A6CAAA /* 16.jpg */ = {isa = PBXFileReference; lastKnownFileType = image.jpeg; path = 16.jpg; sourceTree = "<group>"; };
		57DD5E512B8F23E400A6CAAA /* 12.jpg */ = {isa = PBXFileReference; lastKnownFileType = image.jpeg; path = 12.jpg; sourceTree = "<group>"; };
		57DD5E522B8F23E400A6CAAA /* 13.jpg */ = {isa = PBXFileReference; lastKnownFileType = image.jpeg; path = 13.jpg; sourceTree = "<group>"; };
		57DD5E532B8F23E400A6CAAA /* 39.jpg */ = {isa = PBXFileReference; lastKnownFileType = image.jpeg; path = 39.jpg; sourceTree = "<group>"; };
		57DD5E542B8F23E400A6CAAA /* 11.jpg */ = {isa = PBXFileReference; lastKnownFileType = image.jpeg; path = 11.jpg; sourceTree = "<group>"; };
		57DD5E552B8F23E400A6CAAA /* 10.jpg */ = {isa = PBXFileReference; lastKnownFileType = image.jpeg; path = 10.jpg; sourceTree = "<group>"; };
		57DD5E562B8F23E400A6CAAA /* 38.jpg */ = {isa = PBXFileReference; lastKnownFileType = image.jpeg; path = 38.jpg; sourceTree = "<group>"; };
		57DD5E572B8F23E400A6CAAA /* 21.jpg */ = {isa = PBXFileReference; lastKnownFileType = image.jpeg; path = 21.jpg; sourceTree = "<group>"; };
		57DD5E582B8F23E400A6CAAA /* 35.jpg */ = {isa = PBXFileReference; lastKnownFileType = image.jpeg; path = 35.jpg; sourceTree = "<group>"; };
		57DD5E592B8F23E400A6CAAA /* 34.jpg */ = {isa = PBXFileReference; lastKnownFileType = image.jpeg; path = 34.jpg; sourceTree = "<group>"; };
		57DD5E5A2B8F23E400A6CAAA /* 20.jpg */ = {isa = PBXFileReference; lastKnownFileType = image.jpeg; path = 20.jpg; sourceTree = "<group>"; };
		57DD5E5B2B8F23E400A6CAAA /* 36.jpg */ = {isa = PBXFileReference; lastKnownFileType = image.jpeg; path = 36.jpg; sourceTree = "<group>"; };
		57DD5E5C2B8F23E400A6CAAA /* 22.jpg */ = {isa = PBXFileReference; lastKnownFileType = image.jpeg; path = 22.jpg; sourceTree = "<group>"; };
		57DD5E5D2B8F23E400A6CAAA /* 23.jpg */ = {isa = PBXFileReference; lastKnownFileType = image.jpeg; path = 23.jpg; sourceTree = "<group>"; };
		57DD5E5E2B8F23E400A6CAAA /* 37.jpg */ = {isa = PBXFileReference; lastKnownFileType = image.jpeg; path = 37.jpg; sourceTree = "<group>"; };
		57DD5E5F2B8F23E400A6CAAA /* 33.jpg */ = {isa = PBXFileReference; lastKnownFileType = image.jpeg; path = 33.jpg; sourceTree = "<group>"; };
		57DD5E602B8F23E400A6CAAA /* 27.jpg */ = {isa = PBXFileReference; lastKnownFileType = image.jpeg; path = 27.jpg; sourceTree = "<group>"; };
		57DD5E612B8F23E400A6CAAA /* 26.jpg */ = {isa = PBXFileReference; lastKnownFileType = image.jpeg; path = 26.jpg; sourceTree = "<group>"; };
		57DD5E622B8F23E400A6CAAA /* 32.jpg */ = {isa = PBXFileReference; lastKnownFileType = image.jpeg; path = 32.jpg; sourceTree = "<group>"; };
		57DD5E632B8F23E400A6CAAA /* 18.jpg */ = {isa = PBXFileReference; lastKnownFileType = image.jpeg; path = 18.jpg; sourceTree = "<group>"; };
		57DD5E642B8F23E400A6CAAA /* 24.jpg */ = {isa = PBXFileReference; lastKnownFileType = image.jpeg; path = 24.jpg; sourceTree = "<group>"; };
		57DD5E652B8F23E400A6CAAA /* 30.jpg */ = {isa = PBXFileReference; lastKnownFileType = image.jpeg; path = 30.jpg; sourceTree = "<group>"; };
		57DD5E662B8F23E400A6CAAA /* 31.jpg */ = {isa = PBXFileReference; lastKnownFileType = image.jpeg; path = 31.jpg; sourceTree = "<group>"; };
		57DD5E672B8F23E400A6CAAA /* 25.jpg */ = {isa = PBXFileReference; lastKnownFileType = image.jpeg; path = 25.jpg; sourceTree = "<group>"; };
		57DD5E682B8F23E400A6CAAA /* 19.jpg */ = {isa = PBXFileReference; lastKnownFileType = image.jpeg; path = 19.jpg; sourceTree = "<group>"; };
		57DD5E692B8F23E400A6CAAA /* 42.jpg */ = {isa = PBXFileReference; lastKnownFileType = image.jpeg; path = 42.jpg; sourceTree = "<group>"; };
		57DD5E6A2B8F23E400A6CAAA /* 4.jpg */ = {isa = PBXFileReference; lastKnownFileType = image.jpeg; path = 4.jpg; sourceTree = "<group>"; };
		57DD5E6B2B8F23E400A6CAAA /* 56.jpg */ = {isa = PBXFileReference; lastKnownFileType = image.jpeg; path = 56.jpg; sourceTree = "<group>"; };
		57DD5E6C2B8F23E400A6CAAA /* 5.jpg */ = {isa = PBXFileReference; lastKnownFileType = image.jpeg; path = 5.jpg; sourceTree = "<group>"; };
		57DD5E6D2B8F23E400A6CAAA /* 57.jpg */ = {isa = PBXFileReference; lastKnownFileType = image.jpeg; path = 57.jpg; sourceTree = "<group>"; };
		57DD5E6E2B8F23E400A6CAAA /* 43.jpg */ = {isa = PBXFileReference; lastKnownFileType = image.jpeg; path = 43.jpg; sourceTree = "<group>"; };
		57DD5E6F2B8F23E400A6CAAA /* 55.jpg */ = {isa = PBXFileReference; lastKnownFileType = image.jpeg; path = 55.jpg; sourceTree = "<group>"; };
		57DD5E702B8F23E400A6CAAA /* 7.jpg */ = {isa = PBXFileReference; lastKnownFileType = image.jpeg; path = 7.jpg; sourceTree = "<group>"; };
		57DD5E712B8F23E400A6CAAA /* 41.jpg */ = {isa = PBXFileReference; lastKnownFileType = image.jpeg; path = 41.jpg; sourceTree = "<group>"; };
		57DD5E722B8F23E400A6CAAA /* 69.jpg */ = {isa = PBXFileReference; lastKnownFileType = image.jpeg; path = 69.jpg; sourceTree = "<group>"; };
		57DD5E732B8F23E400A6CAAA /* 68.jpg */ = {isa = PBXFileReference; lastKnownFileType = image.jpeg; path = 68.jpg; sourceTree = "<group>"; };
		57DD5E742B8F23E400A6CAAA /* 40.jpg */ = {isa = PBXFileReference; lastKnownFileType = image.jpeg; path = 40.jpg; sourceTree = "<group>"; };
		57DD5E752B8F23E400A6CAAA /* 54.jpg */ = {isa = PBXFileReference; lastKnownFileType = image.jpeg; path = 54.jpg; sourceTree = "<group>"; };
		57DD5E762B8F23E400A6CAAA /* 6.jpg */ = {isa = PBXFileReference; lastKnownFileType = image.jpeg; path = 6.jpg; sourceTree = "<group>"; };
		57DD5E772B8F23E400A6CAAA /* 2.jpg */ = {isa = PBXFileReference; lastKnownFileType = image.jpeg; path = 2.jpg; sourceTree = "<group>"; };
		57DD5E782B8F23E400A6CAAA /* 50.jpg */ = {isa = PBXFileReference; lastKnownFileType = image.jpeg; path = 50.jpg; sourceTree = "<group>"; };
		57DD5E792B8F23E400A6CAAA /* 44.jpg */ = {isa = PBXFileReference; lastKnownFileType = image.jpeg; path = 44.jpg; sourceTree = "<group>"; };
		57DD5E7A2B8F23E400A6CAAA /* 45.jpg */ = {isa = PBXFileReference; lastKnownFileType = image.jpeg; path = 45.jpg; sourceTree = "<group>"; };
		57DD5E7B2B8F23E400A6CAAA /* 3.jpg */ = {isa = PBXFileReference; lastKnownFileType = image.jpeg; path = 3.jpg; sourceTree = "<group>"; };
		57DD5E7C2B8F23E400A6CAAA /* 51.jpg */ = {isa = PBXFileReference; lastKnownFileType = image.jpeg; path = 51.jpg; sourceTree = "<group>"; };
		57DD5E7D2B8F23E400A6CAAA /* 47.jpg */ = {isa = PBXFileReference; lastKnownFileType = image.jpeg; path = 47.jpg; sourceTree = "<group>"; };
		57DD5E7E2B8F23E400A6CAAA /* 53.jpg */ = {isa = PBXFileReference; lastKnownFileType = image.jpeg; path = 53.jpg; sourceTree = "<group>"; };
		57DD5E7F2B8F23E400A6CAAA /* 1.jpg */ = {isa = PBXFileReference; lastKnownFileType = image.jpeg; path = 1.jpg; sourceTree = "<group>"; };
		57DD5E802B8F23E400A6CAAA /* 52.jpg */ = {isa = PBXFileReference; lastKnownFileType = image.jpeg; path = 52.jpg; sourceTree = "<group>"; };
		57DD5E812B8F23E400A6CAAA /* 46.jpg */ = {isa = PBXFileReference; lastKnownFileType = image.jpeg; path = 46.jpg; sourceTree = "<group>"; };
/* End PBXFileReference section */

/* Begin PBXFrameworksBuildPhase section */
		57AE19262B8E1374008F1033 /* Frameworks */ = {
			isa = PBXFrameworksBuildPhase;
			buildActionMask = 2147483647;
			files = (
			);
			runOnlyForDeploymentPostprocessing = 0;
		};
/* End PBXFrameworksBuildPhase section */

/* Begin PBXGroup section */
		57AE19202B8E1374008F1033 = {
			isa = PBXGroup;
			children = (
				57AE192B2B8E1374008F1033 /* mangomDex */,
				57AE192A2B8E1374008F1033 /* Products */,
			);
			sourceTree = "<group>";
		};
		57AE192A2B8E1374008F1033 /* Products */ = {
			isa = PBXGroup;
			children = (
				57AE19292B8E1374008F1033 /* mangomDex.app */,
			);
			name = Products;
			sourceTree = "<group>";
		};
		57AE192B2B8E1374008F1033 /* mangomDex */ = {
			isa = PBXGroup;
			children = (
				57AE19562B8E2D1E008F1033 /* Resource */,
				57AE19432B8E16BE008F1033 /* Presentation */,
				57AE19412B8E166F008F1033 /* Application */,
				57AE193A2B8E1376008F1033 /* Info.plist */,
				57AE19542B8E27F3008F1033 /* LaunchScreen.storyboard */,
				57AE19352B8E1376008F1033 /* Assets.xcassets */,
			);
			path = mangomDex;
			sourceTree = "<group>";
		};
		57AE19412B8E166F008F1033 /* Application */ = {
			isa = PBXGroup;
			children = (
				57AE192E2B8E1374008F1033 /* SceneDelegate.swift */,
				57AE192C2B8E1374008F1033 /* AppDelegate.swift */,
			);
			path = Application;
			sourceTree = "<group>";
		};
		57AE19432B8E16BE008F1033 /* Presentation */ = {
			isa = PBXGroup;
			children = (
				57AE19442B8E16C9008F1033 /* Model */,
				57AE19462B8E16F1008F1033 /* ViewModel */,
				57AE19452B8E16D0008F1033 /* ViewController */,
				57AE19472B8E1A98008F1033 /* View */,
			);
			path = Presentation;
			sourceTree = "<group>";
		};
		57AE19442B8E16C9008F1033 /* Model */ = {
			isa = PBXGroup;
			children = (
				578723712B945D670038DA4D /* Product.swift */,
			);
			path = Model;
			sourceTree = "<group>";
		};
		57AE19452B8E16D0008F1033 /* ViewController */ = {
			isa = PBXGroup;
			children = (
				57AE19302B8E1374008F1033 /* ProductViewController.swift */,
				57AE194A2B8E1E77008F1033 /* StickerViewController.swift */,
				57AE194C2B8E2369008F1033 /* SettingViewController.swift */,
				57AE19482B8E1CA9008F1033 /* MainTabBarControllerViewController.swift */,
				579B0F0F2B9A05FA00125D83 /* ProductDetailViewController.swift */,
			);
			path = ViewController;
			sourceTree = "<group>";
		};
		57AE19462B8E16F1008F1033 /* ViewModel */ = {
			isa = PBXGroup;
			children = (
				578723732B9462F50038DA4D /* ProductViewModel.swift */,
			);
			path = ViewModel;
			sourceTree = "<group>";
		};
		57AE19472B8E1A98008F1033 /* View */ = {
			isa = PBXGroup;
			children = (
				5787236F2B940CF40038DA4D /* SettingButton.swift */,
				578723752B94644E0038DA4D /* ProoductTableViewCell.swift */,
				57D3F1452B98AB570044D50A /* ProductButton.swift */,
			);
			path = View;
			sourceTree = "<group>";
		};
		57AE19512B8E26E8008F1033 /* Fonts */ = {
			isa = PBXGroup;
			children = (
				57AE19522B8E270E008F1033 /* HUDdiu150.otf */,
				57C780E92B921A9F00C00317 /* Pretendard-Medium.otf */,
				57C780EB2B934C2D00C00317 /* Pretendard-SemiBold.otf */,
			);
			path = Fonts;
			sourceTree = "<group>";
		};
		57AE19562B8E2D1E008F1033 /* Resource */ = {
			isa = PBXGroup;
			children = (
				57AE19572B8E2D28008F1033 /* image */,
				57AE19512B8E26E8008F1033 /* Fonts */,
			);
			path = Resource;
			sourceTree = "<group>";
		};
		57AE19572B8E2D28008F1033 /* image */ = {
			isa = PBXGroup;
			children = (
				57C780E72B90D0E500C00317 /* icon.png */,
				57D3F1302B95AAE00044D50A /* Product */,
				57DD5E382B8F23E400A6CAAA /* StickerImg */,
				57DD5ECD2B8F2AF600A6CAAA /* LaunchImg */,
			);
			path = image;
			sourceTree = "<group>";
		};
		57D3F1302B95AAE00044D50A /* Product */ = {
			isa = PBXGroup;
			children = (
				57D3F1432B986FF20044D50A /* 망곰이의딸기샌드.jpeg */,
				57D3F1362B95EF3C0044D50A /* 망곰바질토마토베이글.jpeg */,
				57D3F13A2B95EF3C0044D50A /* 망곰이딸기마카롱.jpeg */,
				57D3F1382B95EF3C0044D50A /* 망곰이의꿀호떡버거.jpeg */,
				57D3F1372B95EF3C0044D50A /* 망곰이의행운버거.jpeg */,
				57D3F1392B95EF3C0044D50A /* 망곰이초코마카롱.jpeg */,
				57D3F13B2B95EF3C0044D50A /* 망곰치즈감자베이글.jpeg */,
				57D3F1312B95AB290044D50A /* 망곰초코딸기샌드.jpeg */,
			);
			path = Product;
			sourceTree = "<group>";
		};
		57DD5E382B8F23E400A6CAAA /* StickerImg */ = {
			isa = PBXGroup;
			children = (
				57DD5E392B8F23E400A6CAAA /* 63.jpg */,
				57DD5E3A2B8F23E400A6CAAA /* 62.jpg */,
				57DD5E3B2B8F23E400A6CAAA /* 60.jpg */,
				57DD5E3C2B8F23E400A6CAAA /* 48.jpg */,
				57DD5E3D2B8F23E400A6CAAA /* 49.jpg */,
				57DD5E3E2B8F23E400A6CAAA /* 61.jpg */,
				57DD5E3F2B8F23E400A6CAAA /* 59.jpg */,
				57DD5E402B8F23E400A6CAAA /* 71.jpg */,
				57DD5E412B8F23E400A6CAAA /* 65.jpg */,
				57DD5E422B8F23E400A6CAAA /* 64.jpg */,
				57DD5E432B8F23E400A6CAAA /* 70.jpg */,
				57DD5E442B8F23E400A6CAAA /* 58.jpg */,
				57DD5E452B8F23E400A6CAAA /* 8.jpg */,
				57DD5E462B8F23E400A6CAAA /* 66.jpg */,
				57DD5E472B8F23E400A6CAAA /* 72.jpg */,
				57DD5E482B8F23E400A6CAAA /* 73.jpg */,
				57DD5E492B8F23E400A6CAAA /* 67.jpg */,
				57DD5E4A2B8F23E400A6CAAA /* 9.jpg */,
				57DD5E4B2B8F23E400A6CAAA /* 14.jpg */,
				57DD5E4C2B8F23E400A6CAAA /* 28.jpg */,
				57DD5E4D2B8F23E400A6CAAA /* 29.jpg */,
				57DD5E4E2B8F23E400A6CAAA /* 15.jpg */,
				57DD5E4F2B8F23E400A6CAAA /* 17.jpg */,
				57DD5E502B8F23E400A6CAAA /* 16.jpg */,
				57DD5E512B8F23E400A6CAAA /* 12.jpg */,
				57DD5E522B8F23E400A6CAAA /* 13.jpg */,
				57DD5E532B8F23E400A6CAAA /* 39.jpg */,
				57DD5E542B8F23E400A6CAAA /* 11.jpg */,
				57DD5E552B8F23E400A6CAAA /* 10.jpg */,
				57DD5E562B8F23E400A6CAAA /* 38.jpg */,
				57DD5E572B8F23E400A6CAAA /* 21.jpg */,
				57DD5E582B8F23E400A6CAAA /* 35.jpg */,
				57DD5E592B8F23E400A6CAAA /* 34.jpg */,
				57DD5E5A2B8F23E400A6CAAA /* 20.jpg */,
				57DD5E5B2B8F23E400A6CAAA /* 36.jpg */,
				57DD5E5C2B8F23E400A6CAAA /* 22.jpg */,
				57DD5E5D2B8F23E400A6CAAA /* 23.jpg */,
				57DD5E5E2B8F23E400A6CAAA /* 37.jpg */,
				57DD5E5F2B8F23E400A6CAAA /* 33.jpg */,
				57DD5E602B8F23E400A6CAAA /* 27.jpg */,
				57DD5E612B8F23E400A6CAAA /* 26.jpg */,
				57DD5E622B8F23E400A6CAAA /* 32.jpg */,
				57DD5E632B8F23E400A6CAAA /* 18.jpg */,
				57DD5E642B8F23E400A6CAAA /* 24.jpg */,
				57DD5E652B8F23E400A6CAAA /* 30.jpg */,
				57DD5E662B8F23E400A6CAAA /* 31.jpg */,
				57DD5E672B8F23E400A6CAAA /* 25.jpg */,
				57DD5E682B8F23E400A6CAAA /* 19.jpg */,
				57DD5E692B8F23E400A6CAAA /* 42.jpg */,
				57DD5E6A2B8F23E400A6CAAA /* 4.jpg */,
				57DD5E6B2B8F23E400A6CAAA /* 56.jpg */,
				57DD5E6C2B8F23E400A6CAAA /* 5.jpg */,
				57DD5E6D2B8F23E400A6CAAA /* 57.jpg */,
				57DD5E6E2B8F23E400A6CAAA /* 43.jpg */,
				57DD5E6F2B8F23E400A6CAAA /* 55.jpg */,
				57DD5E702B8F23E400A6CAAA /* 7.jpg */,
				57DD5E712B8F23E400A6CAAA /* 41.jpg */,
				57DD5E722B8F23E400A6CAAA /* 69.jpg */,
				57DD5E732B8F23E400A6CAAA /* 68.jpg */,
				57DD5E742B8F23E400A6CAAA /* 40.jpg */,
				57DD5E752B8F23E400A6CAAA /* 54.jpg */,
				57DD5E762B8F23E400A6CAAA /* 6.jpg */,
				57DD5E772B8F23E400A6CAAA /* 2.jpg */,
				57DD5E782B8F23E400A6CAAA /* 50.jpg */,
				57DD5E792B8F23E400A6CAAA /* 44.jpg */,
				57DD5E7A2B8F23E400A6CAAA /* 45.jpg */,
				57DD5E7B2B8F23E400A6CAAA /* 3.jpg */,
				57DD5E7C2B8F23E400A6CAAA /* 51.jpg */,
				57DD5E7D2B8F23E400A6CAAA /* 47.jpg */,
				57DD5E7E2B8F23E400A6CAAA /* 53.jpg */,
				57DD5E7F2B8F23E400A6CAAA /* 1.jpg */,
				57DD5E802B8F23E400A6CAAA /* 52.jpg */,
				57DD5E812B8F23E400A6CAAA /* 46.jpg */,
			);
			path = StickerImg;
			sourceTree = "<group>";
		};
		57DD5ECD2B8F2AF600A6CAAA /* LaunchImg */ = {
			isa = PBXGroup;
			children = (
				57AE195C2B8E2F8F008F1033 /* title.png */,
				57AE19582B8E2D4E008F1033 /* left.png */,
				57AE19592B8E2D4E008F1033 /* right.png */,
			);
			path = LaunchImg;
			sourceTree = "<group>";
		};
/* End PBXGroup section */

/* Begin PBXNativeTarget section */
		57AE19282B8E1374008F1033 /* mangomDex */ = {
			isa = PBXNativeTarget;
			buildConfigurationList = 57AE193D2B8E1376008F1033 /* Build configuration list for PBXNativeTarget "mangomDex" */;
			buildPhases = (
				57AE19252B8E1374008F1033 /* Sources */,
				57AE19262B8E1374008F1033 /* Frameworks */,
				57AE19272B8E1374008F1033 /* Resources */,
			);
			buildRules = (
			);
			dependencies = (
			);
			name = mangomDex;
			productName = mangomDex;
			productReference = 57AE19292B8E1374008F1033 /* mangomDex.app */;
			productType = "com.apple.product-type.application";
		};
/* End PBXNativeTarget section */

/* Begin PBXProject section */
		57AE19212B8E1374008F1033 /* Project object */ = {
			isa = PBXProject;
			attributes = {
				BuildIndependentTargetsInParallel = 1;
				LastSwiftUpdateCheck = 1520;
				LastUpgradeCheck = 1520;
				TargetAttributes = {
					57AE19282B8E1374008F1033 = {
						CreatedOnToolsVersion = 15.2;
					};
				};
			};
			buildConfigurationList = 57AE19242B8E1374008F1033 /* Build configuration list for PBXProject "mangomDex" */;
			compatibilityVersion = "Xcode 14.0";
			developmentRegion = en;
			hasScannedForEncodings = 0;
			knownRegions = (
				en,
				Base,
			);
			mainGroup = 57AE19202B8E1374008F1033;
			productRefGroup = 57AE192A2B8E1374008F1033 /* Products */;
			projectDirPath = "";
			projectRoot = "";
			targets = (
				57AE19282B8E1374008F1033 /* mangomDex */,
			);
		};
/* End PBXProject section */

/* Begin PBXResourcesBuildPhase section */
		57AE19272B8E1374008F1033 /* Resources */ = {
			isa = PBXResourcesBuildPhase;
			buildActionMask = 2147483647;
			files = (
				57DD5EC92B8F23E400A6CAAA /* 52.jpg in Resources */,
				57DD5EBC2B8F23E400A6CAAA /* 68.jpg in Resources */,
				57DD5EA82B8F23E400A6CAAA /* 33.jpg in Resources */,
				57D3F13F2B95EF3C0044D50A /* 망곰이의꿀호떡버거.jpeg in Resources */,
				57DD5E8E2B8F23E400A6CAAA /* 8.jpg in Resources */,
				57DD5E982B8F23E400A6CAAA /* 17.jpg in Resources */,
				57D3F1422B95EF3C0044D50A /* 망곰치즈감자베이글.jpeg in Resources */,
				57DD5E882B8F23E400A6CAAA /* 59.jpg in Resources */,
				57DD5E922B8F23E400A6CAAA /* 67.jpg in Resources */,
				57DD5EB22B8F23E400A6CAAA /* 42.jpg in Resources */,
				57C780EA2B921A9F00C00317 /* Pretendard-Medium.otf in Resources */,
				57DD5E9F2B8F23E400A6CAAA /* 38.jpg in Resources */,
				57AE195B2B8E2D4E008F1033 /* right.png in Resources */,
				57C780EC2B934C2D00C00317 /* Pretendard-SemiBold.otf in Resources */,
				57DD5EB32B8F23E400A6CAAA /* 4.jpg in Resources */,
				57DD5E822B8F23E400A6CAAA /* 63.jpg in Resources */,
				57AE19552B8E27F3008F1033 /* LaunchScreen.storyboard in Resources */,
				57DD5E8F2B8F23E400A6CAAA /* 66.jpg in Resources */,
				57D3F13E2B95EF3C0044D50A /* 망곰이의행운버거.jpeg in Resources */,
				57DD5EAB2B8F23E400A6CAAA /* 32.jpg in Resources */,
				57DD5EA92B8F23E400A6CAAA /* 27.jpg in Resources */,
				57DD5E972B8F23E400A6CAAA /* 15.jpg in Resources */,
				57DD5EAF2B8F23E400A6CAAA /* 31.jpg in Resources */,
				57DD5EC42B8F23E400A6CAAA /* 3.jpg in Resources */,
				57AE195D2B8E2F8F008F1033 /* title.png in Resources */,
				57DD5EB42B8F23E400A6CAAA /* 56.jpg in Resources */,
				57DD5EC22B8F23E400A6CAAA /* 44.jpg in Resources */,
				57DD5E992B8F23E400A6CAAA /* 16.jpg in Resources */,
				57DD5EB52B8F23E400A6CAAA /* 5.jpg in Resources */,
				57DD5EC02B8F23E400A6CAAA /* 2.jpg in Resources */,
				57DD5EAD2B8F23E400A6CAAA /* 24.jpg in Resources */,
				57DD5EC72B8F23E400A6CAAA /* 53.jpg in Resources */,
				57AE19532B8E270E008F1033 /* HUDdiu150.otf in Resources */,
				57DD5E852B8F23E400A6CAAA /* 48.jpg in Resources */,
				57DD5E942B8F23E400A6CAAA /* 14.jpg in Resources */,
				57D3F1332B95AB290044D50A /* 망곰초코딸기샌드.jpeg in Resources */,
				57DD5EAA2B8F23E400A6CAAA /* 26.jpg in Resources */,
				57DD5EBF2B8F23E400A6CAAA /* 6.jpg in Resources */,
				57DD5EA52B8F23E400A6CAAA /* 22.jpg in Resources */,
				57DD5EA32B8F23E400A6CAAA /* 20.jpg in Resources */,
				57DD5E862B8F23E400A6CAAA /* 49.jpg in Resources */,
				57DD5E9E2B8F23E400A6CAAA /* 10.jpg in Resources */,
				57C780E82B90D0E500C00317 /* icon.png in Resources */,
				57DD5E9A2B8F23E400A6CAAA /* 12.jpg in Resources */,
				57DD5EB62B8F23E400A6CAAA /* 57.jpg in Resources */,
				57DD5E832B8F23E400A6CAAA /* 62.jpg in Resources */,
				57DD5E952B8F23E400A6CAAA /* 28.jpg in Resources */,
				57DD5E9C2B8F23E400A6CAAA /* 39.jpg in Resources */,
				57DD5EC32B8F23E400A6CAAA /* 45.jpg in Resources */,
				57DD5E872B8F23E400A6CAAA /* 61.jpg in Resources */,
				57DD5EC52B8F23E400A6CAAA /* 51.jpg in Resources */,
				57DD5EA62B8F23E400A6CAAA /* 23.jpg in Resources */,
				57DD5EBB2B8F23E400A6CAAA /* 69.jpg in Resources */,
				57DD5EB12B8F23E400A6CAAA /* 19.jpg in Resources */,
				57DD5EC62B8F23E400A6CAAA /* 47.jpg in Resources */,
				57DD5E8A2B8F23E400A6CAAA /* 65.jpg in Resources */,
				57DD5E842B8F23E400A6CAAA /* 60.jpg in Resources */,
				57DD5E962B8F23E400A6CAAA /* 29.jpg in Resources */,
				57DD5EB72B8F23E400A6CAAA /* 43.jpg in Resources */,
				57D3F13D2B95EF3C0044D50A /* 망곰바질토마토베이글.jpeg in Resources */,
				57DD5E8D2B8F23E400A6CAAA /* 58.jpg in Resources */,
				57DD5EA22B8F23E400A6CAAA /* 34.jpg in Resources */,
				57AE195A2B8E2D4E008F1033 /* left.png in Resources */,
				57AE19362B8E1376008F1033 /* Assets.xcassets in Resources */,
				57DD5EC82B8F23E400A6CAAA /* 1.jpg in Resources */,
				57DD5EA02B8F23E400A6CAAA /* 21.jpg in Resources */,
				57DD5E9B2B8F23E400A6CAAA /* 13.jpg in Resources */,
				57DD5ECA2B8F23E400A6CAAA /* 46.jpg in Resources */,
				57DD5EB92B8F23E400A6CAAA /* 7.jpg in Resources */,
				57DD5EA42B8F23E400A6CAAA /* 36.jpg in Resources */,
				57DD5EA72B8F23E400A6CAAA /* 37.jpg in Resources */,
				57DD5EAC2B8F23E400A6CAAA /* 18.jpg in Resources */,
				57D3F1442B986FF20044D50A /* 망곰이의딸기샌드.jpeg in Resources */,
				57DD5EBA2B8F23E400A6CAAA /* 41.jpg in Resources */,
				57DD5EB82B8F23E400A6CAAA /* 55.jpg in Resources */,
				57DD5EBD2B8F23E400A6CAAA /* 40.jpg in Resources */,
				57DD5EAE2B8F23E400A6CAAA /* 30.jpg in Resources */,
				57DD5E902B8F23E400A6CAAA /* 72.jpg in Resources */,
				57DD5EC12B8F23E400A6CAAA /* 50.jpg in Resources */,
				57D3F1402B95EF3C0044D50A /* 망곰이초코마카롱.jpeg in Resources */,
				57DD5E892B8F23E400A6CAAA /* 71.jpg in Resources */,
				57DD5E8C2B8F23E400A6CAAA /* 70.jpg in Resources */,
				57DD5E932B8F23E400A6CAAA /* 9.jpg in Resources */,
				57DD5EBE2B8F23E400A6CAAA /* 54.jpg in Resources */,
				57D3F1412B95EF3C0044D50A /* 망곰이딸기마카롱.jpeg in Resources */,
				57DD5E8B2B8F23E400A6CAAA /* 64.jpg in Resources */,
				57DD5EA12B8F23E400A6CAAA /* 35.jpg in Resources */,
				57DD5E912B8F23E400A6CAAA /* 73.jpg in Resources */,
				57DD5EB02B8F23E400A6CAAA /* 25.jpg in Resources */,
				57DD5E9D2B8F23E400A6CAAA /* 11.jpg in Resources */,
			);
			runOnlyForDeploymentPostprocessing = 0;
		};
/* End PBXResourcesBuildPhase section */

/* Begin PBXSourcesBuildPhase section */
		57AE19252B8E1374008F1033 /* Sources */ = {
			isa = PBXSourcesBuildPhase;
			buildActionMask = 2147483647;
			files = (
				578723702B940CF40038DA4D /* SettingButton.swift in Sources */,
				578723722B945D670038DA4D /* Product.swift in Sources */,
				57AE194B2B8E1E77008F1033 /* StickerViewController.swift in Sources */,
				57AE19312B8E1374008F1033 /* ProductViewController.swift in Sources */,
				57AE192D2B8E1374008F1033 /* AppDelegate.swift in Sources */,
				579B0F102B9A05FA00125D83 /* ProductDetailViewController.swift in Sources */,
				578723742B9462F50038DA4D /* ProductViewModel.swift in Sources */,
				57D3F1462B98AB570044D50A /* ProductButton.swift in Sources */,
				57AE192F2B8E1374008F1033 /* SceneDelegate.swift in Sources */,
				578723762B94644E0038DA4D /* ProoductTableViewCell.swift in Sources */,
				57AE19492B8E1CA9008F1033 /* MainTabBarControllerViewController.swift in Sources */,
				57AE194D2B8E2369008F1033 /* SettingViewController.swift in Sources */,
			);
			runOnlyForDeploymentPostprocessing = 0;
		};
/* End PBXSourcesBuildPhase section */

/* Begin XCBuildConfiguration section */
		57AE193B2B8E1376008F1033 /* Debug */ = {
			isa = XCBuildConfiguration;
			buildSettings = {
				ALWAYS_SEARCH_USER_PATHS = NO;
				ASSETCATALOG_COMPILER_GENERATE_SWIFT_ASSET_SYMBOL_EXTENSIONS = YES;
				CLANG_ANALYZER_NONNULL = YES;
				CLANG_ANALYZER_NUMBER_OBJECT_CONVERSION = YES_AGGRESSIVE;
				CLANG_CXX_LANGUAGE_STANDARD = "gnu++20";
				CLANG_ENABLE_MODULES = YES;
				CLANG_ENABLE_OBJC_ARC = YES;
				CLANG_ENABLE_OBJC_WEAK = YES;
				CLANG_WARN_BLOCK_CAPTURE_AUTORELEASING = YES;
				CLANG_WARN_BOOL_CONVERSION = YES;
				CLANG_WARN_COMMA = YES;
				CLANG_WARN_CONSTANT_CONVERSION = YES;
				CLANG_WARN_DEPRECATED_OBJC_IMPLEMENTATIONS = YES;
				CLANG_WARN_DIRECT_OBJC_ISA_USAGE = YES_ERROR;
				CLANG_WARN_DOCUMENTATION_COMMENTS = YES;
				CLANG_WARN_EMPTY_BODY = YES;
				CLANG_WARN_ENUM_CONVERSION = YES;
				CLANG_WARN_INFINITE_RECURSION = YES;
				CLANG_WARN_INT_CONVERSION = YES;
				CLANG_WARN_NON_LITERAL_NULL_CONVERSION = YES;
				CLANG_WARN_OBJC_IMPLICIT_RETAIN_SELF = YES;
				CLANG_WARN_OBJC_LITERAL_CONVERSION = YES;
				CLANG_WARN_OBJC_ROOT_CLASS = YES_ERROR;
				CLANG_WARN_QUOTED_INCLUDE_IN_FRAMEWORK_HEADER = YES;
				CLANG_WARN_RANGE_LOOP_ANALYSIS = YES;
				CLANG_WARN_STRICT_PROTOTYPES = YES;
				CLANG_WARN_SUSPICIOUS_MOVE = YES;
				CLANG_WARN_UNGUARDED_AVAILABILITY = YES_AGGRESSIVE;
				CLANG_WARN_UNREACHABLE_CODE = YES;
				CLANG_WARN__DUPLICATE_METHOD_MATCH = YES;
				COPY_PHASE_STRIP = NO;
				DEBUG_INFORMATION_FORMAT = dwarf;
				ENABLE_STRICT_OBJC_MSGSEND = YES;
				ENABLE_TESTABILITY = YES;
				ENABLE_USER_SCRIPT_SANDBOXING = YES;
				GCC_C_LANGUAGE_STANDARD = gnu17;
				GCC_DYNAMIC_NO_PIC = NO;
				GCC_NO_COMMON_BLOCKS = YES;
				GCC_OPTIMIZATION_LEVEL = 0;
				GCC_PREPROCESSOR_DEFINITIONS = (
					"DEBUG=1",
					"$(inherited)",
				);
				GCC_WARN_64_TO_32_BIT_CONVERSION = YES;
				GCC_WARN_ABOUT_RETURN_TYPE = YES_ERROR;
				GCC_WARN_UNDECLARED_SELECTOR = YES;
				GCC_WARN_UNINITIALIZED_AUTOS = YES_AGGRESSIVE;
				GCC_WARN_UNUSED_FUNCTION = YES;
				GCC_WARN_UNUSED_VARIABLE = YES;
				IPHONEOS_DEPLOYMENT_TARGET = 17.2;
				LOCALIZATION_PREFERS_STRING_CATALOGS = YES;
				MTL_ENABLE_DEBUG_INFO = INCLUDE_SOURCE;
				MTL_FAST_MATH = YES;
				ONLY_ACTIVE_ARCH = YES;
				SDKROOT = iphoneos;
				SWIFT_ACTIVE_COMPILATION_CONDITIONS = "DEBUG $(inherited)";
				SWIFT_OPTIMIZATION_LEVEL = "-Onone";
			};
			name = Debug;
		};
		57AE193C2B8E1376008F1033 /* Release */ = {
			isa = XCBuildConfiguration;
			buildSettings = {
				ALWAYS_SEARCH_USER_PATHS = NO;
				ASSETCATALOG_COMPILER_GENERATE_SWIFT_ASSET_SYMBOL_EXTENSIONS = YES;
				CLANG_ANALYZER_NONNULL = YES;
				CLANG_ANALYZER_NUMBER_OBJECT_CONVERSION = YES_AGGRESSIVE;
				CLANG_CXX_LANGUAGE_STANDARD = "gnu++20";
				CLANG_ENABLE_MODULES = YES;
				CLANG_ENABLE_OBJC_ARC = YES;
				CLANG_ENABLE_OBJC_WEAK = YES;
				CLANG_WARN_BLOCK_CAPTURE_AUTORELEASING = YES;
				CLANG_WARN_BOOL_CONVERSION = YES;
				CLANG_WARN_COMMA = YES;
				CLANG_WARN_CONSTANT_CONVERSION = YES;
				CLANG_WARN_DEPRECATED_OBJC_IMPLEMENTATIONS = YES;
				CLANG_WARN_DIRECT_OBJC_ISA_USAGE = YES_ERROR;
				CLANG_WARN_DOCUMENTATION_COMMENTS = YES;
				CLANG_WARN_EMPTY_BODY = YES;
				CLANG_WARN_ENUM_CONVERSION = YES;
				CLANG_WARN_INFINITE_RECURSION = YES;
				CLANG_WARN_INT_CONVERSION = YES;
				CLANG_WARN_NON_LITERAL_NULL_CONVERSION = YES;
				CLANG_WARN_OBJC_IMPLICIT_RETAIN_SELF = YES;
				CLANG_WARN_OBJC_LITERAL_CONVERSION = YES;
				CLANG_WARN_OBJC_ROOT_CLASS = YES_ERROR;
				CLANG_WARN_QUOTED_INCLUDE_IN_FRAMEWORK_HEADER = YES;
				CLANG_WARN_RANGE_LOOP_ANALYSIS = YES;
				CLANG_WARN_STRICT_PROTOTYPES = YES;
				CLANG_WARN_SUSPICIOUS_MOVE = YES;
				CLANG_WARN_UNGUARDED_AVAILABILITY = YES_AGGRESSIVE;
				CLANG_WARN_UNREACHABLE_CODE = YES;
				CLANG_WARN__DUPLICATE_METHOD_MATCH = YES;
				COPY_PHASE_STRIP = NO;
				DEBUG_INFORMATION_FORMAT = "dwarf-with-dsym";
				ENABLE_NS_ASSERTIONS = NO;
				ENABLE_STRICT_OBJC_MSGSEND = YES;
				ENABLE_USER_SCRIPT_SANDBOXING = YES;
				GCC_C_LANGUAGE_STANDARD = gnu17;
				GCC_NO_COMMON_BLOCKS = YES;
				GCC_WARN_64_TO_32_BIT_CONVERSION = YES;
				GCC_WARN_ABOUT_RETURN_TYPE = YES_ERROR;
				GCC_WARN_UNDECLARED_SELECTOR = YES;
				GCC_WARN_UNINITIALIZED_AUTOS = YES_AGGRESSIVE;
				GCC_WARN_UNUSED_FUNCTION = YES;
				GCC_WARN_UNUSED_VARIABLE = YES;
				IPHONEOS_DEPLOYMENT_TARGET = 17.2;
				LOCALIZATION_PREFERS_STRING_CATALOGS = YES;
				MTL_ENABLE_DEBUG_INFO = NO;
				MTL_FAST_MATH = YES;
				SDKROOT = iphoneos;
				SWIFT_COMPILATION_MODE = wholemodule;
				VALIDATE_PRODUCT = YES;
			};
			name = Release;
		};
		57AE193E2B8E1376008F1033 /* Debug */ = {
			isa = XCBuildConfiguration;
			buildSettings = {
				ASSETCATALOG_COMPILER_APPICON_NAME = AppIcon;
				ASSETCATALOG_COMPILER_GLOBAL_ACCENT_COLOR_NAME = AccentColor;
				CODE_SIGN_STYLE = Automatic;
				CURRENT_PROJECT_VERSION = 1;
				DEVELOPMENT_TEAM = B4BSCLJVA5;
				GENERATE_INFOPLIST_FILE = YES;
				INFOPLIST_FILE = mangomDex/Info.plist;
				INFOPLIST_KEY_CFBundleDisplayName = "망그러진 띠부씰 도감";
				INFOPLIST_KEY_UIApplicationSupportsIndirectInputEvents = YES;
				INFOPLIST_KEY_UILaunchStoryboardName = LaunchScreen;
				INFOPLIST_KEY_UISupportedInterfaceOrientations = UIInterfaceOrientationPortrait;
				LD_RUNPATH_SEARCH_PATHS = (
					"$(inherited)",
					"@executable_path/Frameworks",
				);
				MARKETING_VERSION = 1.0.0;
				PRODUCT_BUNDLE_IDENTIFIER = com.skku.sjsjmine129.mangomDex;
				PRODUCT_NAME = "$(TARGET_NAME)";
				SWIFT_EMIT_LOC_STRINGS = YES;
				SWIFT_VERSION = 5.0;
				TARGETED_DEVICE_FAMILY = "1,2";
			};
			name = Debug;
		};
		57AE193F2B8E1376008F1033 /* Release */ = {
			isa = XCBuildConfiguration;
			buildSettings = {
				ASSETCATALOG_COMPILER_APPICON_NAME = AppIcon;
				ASSETCATALOG_COMPILER_GLOBAL_ACCENT_COLOR_NAME = AccentColor;
				CODE_SIGN_STYLE = Automatic;
				CURRENT_PROJECT_VERSION = 1;
				DEVELOPMENT_TEAM = B4BSCLJVA5;
				GENERATE_INFOPLIST_FILE = YES;
				INFOPLIST_FILE = mangomDex/Info.plist;
				INFOPLIST_KEY_CFBundleDisplayName = "망그러진 띠부씰 도감";
				INFOPLIST_KEY_UIApplicationSupportsIndirectInputEvents = YES;
				INFOPLIST_KEY_UILaunchStoryboardName = LaunchScreen;
				INFOPLIST_KEY_UISupportedInterfaceOrientations = UIInterfaceOrientationPortrait;
				LD_RUNPATH_SEARCH_PATHS = (
					"$(inherited)",
					"@executable_path/Frameworks",
				);
				MARKETING_VERSION = 1.0.0;
				PRODUCT_BUNDLE_IDENTIFIER = com.skku.sjsjmine129.mangomDex;
				PRODUCT_NAME = "$(TARGET_NAME)";
				SWIFT_EMIT_LOC_STRINGS = YES;
				SWIFT_VERSION = 5.0;
				TARGETED_DEVICE_FAMILY = "1,2";
			};
			name = Release;
		};
/* End XCBuildConfiguration section */

/* Begin XCConfigurationList section */
		57AE19242B8E1374008F1033 /* Build configuration list for PBXProject "mangomDex" */ = {
			isa = XCConfigurationList;
			buildConfigurations = (
				57AE193B2B8E1376008F1033 /* Debug */,
				57AE193C2B8E1376008F1033 /* Release */,
			);
			defaultConfigurationIsVisible = 0;
			defaultConfigurationName = Release;
		};
		57AE193D2B8E1376008F1033 /* Build configuration list for PBXNativeTarget "mangomDex" */ = {
			isa = XCConfigurationList;
			buildConfigurations = (
				57AE193E2B8E1376008F1033 /* Debug */,
				57AE193F2B8E1376008F1033 /* Release */,
			);
			defaultConfigurationIsVisible = 0;
			defaultConfigurationName = Release;
		};
/* End XCConfigurationList section */
	};
	rootObject = 57AE19212B8E1374008F1033 /* Project object */;
}
