// !$*UTF8*$!
{
	archiveVersion = 1;
	classes = {
	};
	objectVersion = 56;
	objects = {

/* Begin PBXBuildFile section */
		57AE192D2B8E1374008F1033 /* AppDelegate.swift in Sources */ = {isa = PBXBuildFile; fileRef = 57AE192C2B8E1374008F1033 /* AppDelegate.swift */; };
		57AE192F2B8E1374008F1033 /* SceneDelegate.swift in Sources */ = {isa = PBXBuildFile; fileRef = 57AE192E2B8E1374008F1033 /* SceneDelegate.swift */; };
		57AE19312B8E1374008F1033 /* ProductViewController.swift in Sources */ = {isa = PBXBuildFile; fileRef = 57AE19302B8E1374008F1033 /* ProductViewController.swift */; };
		57AE19362B8E1376008F1033 /* Assets.xcassets in Resources */ = {isa = PBXBuildFile; fileRef = 57AE19352B8E1376008F1033 /* Assets.xcassets */; };
		57AE19492B8E1CA9008F1033 /* MainTabBarControllerViewController.swift in Sources */ = {isa = PBXBuildFile; fileRef = 57AE19482B8E1CA9008F1033 /* MainTabBarControllerViewController.swift */; };
		57AE194B2B8E1E77008F1033 /* StickerViewController.swift in Sources */ = {isa = PBXBuildFile; fileRef = 57AE194A2B8E1E77008F1033 /* StickerViewController.swift */; };
		57AE194D2B8E2369008F1033 /* SettingViewController.swift in Sources */ = {isa = PBXBuildFile; fileRef = 57AE194C2B8E2369008F1033 /* SettingViewController.swift */; };
		57AE19532B8E270E008F1033 /* HUDdiu150.otf in Resources */ = {isa = PBXBuildFile; fileRef = 57AE19522B8E270E008F1033 /* HUDdiu150.otf */; };
		57AE19552B8E27F3008F1033 /* LaunchScreen.storyboard in Resources */ = {isa = PBXBuildFile; fileRef = 57AE19542B8E27F3008F1033 /* LaunchScreen.storyboard */; };
		57AE195A2B8E2D4E008F1033 /* left.png in Resources */ = {isa = PBXBuildFile; fileRef = 57AE19582B8E2D4E008F1033 /* left.png */; };
		57AE195B2B8E2D4E008F1033 /* right.png in Resources */ = {isa = PBXBuildFile; fileRef = 57AE19592B8E2D4E008F1033 /* right.png */; };
		57AE195D2B8E2F8F008F1033 /* title.png in Resources */ = {isa = PBXBuildFile; fileRef = 57AE195C2B8E2F8F008F1033 /* title.png */; };
/* End PBXBuildFile section */

/* Begin PBXFileReference section */
		57AE19292B8E1374008F1033 /* mangomDex.app */ = {isa = PBXFileReference; explicitFileType = wrapper.application; includeInIndex = 0; path = mangomDex.app; sourceTree = BUILT_PRODUCTS_DIR; };
		57AE192C2B8E1374008F1033 /* AppDelegate.swift */ = {isa = PBXFileReference; lastKnownFileType = sourcecode.swift; path = AppDelegate.swift; sourceTree = "<group>"; };
		57AE192E2B8E1374008F1033 /* SceneDelegate.swift */ = {isa = PBXFileReference; lastKnownFileType = sourcecode.swift; path = SceneDelegate.swift; sourceTree = "<group>"; };
		57AE19302B8E1374008F1033 /* ProductViewController.swift */ = {isa = PBXFileReference; lastKnownFileType = sourcecode.swift; path = ProductViewController.swift; sourceTree = "<group>"; };
		57AE19352B8E1376008F1033 /* Assets.xcassets */ = {isa = PBXFileReference; lastKnownFileType = folder.assetcatalog; path = Assets.xcassets; sourceTree = "<group>"; };
		57AE193A2B8E1376008F1033 /* Info.plist */ = {isa = PBXFileReference; lastKnownFileType = text.plist.xml; path = Info.plist; sourceTree = "<group>"; };
		57AE19482B8E1CA9008F1033 /* MainTabBarControllerViewController.swift */ = {isa = PBXFileReference; lastKnownFileType = sourcecode.swift; path = MainTabBarControllerViewController.swift; sourceTree = "<group>"; };
		57AE194A2B8E1E77008F1033 /* StickerViewController.swift */ = {isa = PBXFileReference; lastKnownFileType = sourcecode.swift; path = StickerViewController.swift; sourceTree = "<group>"; };
		57AE194C2B8E2369008F1033 /* SettingViewController.swift */ = {isa = PBXFileReference; lastKnownFileType = sourcecode.swift; path = SettingViewController.swift; sourceTree = "<group>"; };
		57AE19522B8E270E008F1033 /* HUDdiu150.otf */ = {isa = PBXFileReference; lastKnownFileType = file; path = HUDdiu150.otf; sourceTree = "<group>"; };
		57AE19542B8E27F3008F1033 /* LaunchScreen.storyboard */ = {isa = PBXFileReference; fileEncoding = 4; lastKnownFileType = file.storyboard; path = LaunchScreen.storyboard; sourceTree = "<group>"; };
		57AE19582B8E2D4E008F1033 /* left.png */ = {isa = PBXFileReference; lastKnownFileType = image.png; path = left.png; sourceTree = "<group>"; };
		57AE19592B8E2D4E008F1033 /* right.png */ = {isa = PBXFileReference; lastKnownFileType = image.png; path = right.png; sourceTree = "<group>"; };
		57AE195C2B8E2F8F008F1033 /* title.png */ = {isa = PBXFileReference; lastKnownFileType = image.png; path = title.png; sourceTree = "<group>"; };
/* End PBXFileReference section */

/* Begin PBXFrameworksBuildPhase section */
		57AE19262B8E1374008F1033 /* Frameworks */ = {
			isa = PBXFrameworksBuildPhase;
			buildActionMask = 2147483647;
			files = (
			);
			runOnlyForDeploymentPostprocessing = 0;
		};
/* End PBXFrameworksBuildPhase section */

/* Begin PBXGroup section */
		57AE19202B8E1374008F1033 = {
			isa = PBXGroup;
			children = (
				57AE192B2B8E1374008F1033 /* mangomDex */,
				57AE192A2B8E1374008F1033 /* Products */,
			);
			sourceTree = "<group>";
		};
		57AE192A2B8E1374008F1033 /* Products */ = {
			isa = PBXGroup;
			children = (
				57AE19292B8E1374008F1033 /* mangomDex.app */,
			);
			name = Products;
			sourceTree = "<group>";
		};
		57AE192B2B8E1374008F1033 /* mangomDex */ = {
			isa = PBXGroup;
			children = (
				57AE19562B8E2D1E008F1033 /* Resource */,
				57AE19432B8E16BE008F1033 /* Presentation */,
				57AE19412B8E166F008F1033 /* Application */,
				57AE193A2B8E1376008F1033 /* Info.plist */,
				57AE19542B8E27F3008F1033 /* LaunchScreen.storyboard */,
				57AE19352B8E1376008F1033 /* Assets.xcassets */,
			);
			path = mangomDex;
			sourceTree = "<group>";
		};
		57AE19412B8E166F008F1033 /* Application */ = {
			isa = PBXGroup;
			children = (
				57AE192E2B8E1374008F1033 /* SceneDelegate.swift */,
				57AE192C2B8E1374008F1033 /* AppDelegate.swift */,
			);
			path = Application;
			sourceTree = "<group>";
		};
		57AE19432B8E16BE008F1033 /* Presentation */ = {
			isa = PBXGroup;
			children = (
				57AE19442B8E16C9008F1033 /* Model */,
				57AE19462B8E16F1008F1033 /* ViewModel */,
				57AE19452B8E16D0008F1033 /* ViewController */,
				57AE19472B8E1A98008F1033 /* View */,
			);
			path = Presentation;
			sourceTree = "<group>";
		};
		57AE19442B8E16C9008F1033 /* Model */ = {
			isa = PBXGroup;
			children = (
			);
			path = Model;
			sourceTree = "<group>";
		};
		57AE19452B8E16D0008F1033 /* ViewController */ = {
			isa = PBXGroup;
			children = (
				57AE19302B8E1374008F1033 /* ProductViewController.swift */,
				57AE194A2B8E1E77008F1033 /* StickerViewController.swift */,
				57AE194C2B8E2369008F1033 /* SettingViewController.swift */,
				57AE19482B8E1CA9008F1033 /* MainTabBarControllerViewController.swift */,
			);
			path = ViewController;
			sourceTree = "<group>";
		};
		57AE19462B8E16F1008F1033 /* ViewModel */ = {
			isa = PBXGroup;
			children = (
			);
			path = ViewModel;
			sourceTree = "<group>";
		};
		57AE19472B8E1A98008F1033 /* View */ = {
			isa = PBXGroup;
			children = (
			);
			path = View;
			sourceTree = "<group>";
		};
		57AE19512B8E26E8008F1033 /* Fonts */ = {
			isa = PBXGroup;
			children = (
				57AE19522B8E270E008F1033 /* HUDdiu150.otf */,
			);
			path = Fonts;
			sourceTree = "<group>";
		};
		57AE19562B8E2D1E008F1033 /* Resource */ = {
			isa = PBXGroup;
			children = (
				57AE19572B8E2D28008F1033 /* image */,
				57AE19512B8E26E8008F1033 /* Fonts */,
			);
			path = Resource;
			sourceTree = "<group>";
		};
		57AE19572B8E2D28008F1033 /* image */ = {
			isa = PBXGroup;
			children = (
				57AE195C2B8E2F8F008F1033 /* title.png */,
				57AE19582B8E2D4E008F1033 /* left.png */,
				57AE19592B8E2D4E008F1033 /* right.png */,
			);
			path = image;
			sourceTree = "<group>";
		};
/* End PBXGroup section */

/* Begin PBXNativeTarget section */
		57AE19282B8E1374008F1033 /* mangomDex */ = {
			isa = PBXNativeTarget;
			buildConfigurationList = 57AE193D2B8E1376008F1033 /* Build configuration list for PBXNativeTarget "mangomDex" */;
			buildPhases = (
				57AE19252B8E1374008F1033 /* Sources */,
				57AE19262B8E1374008F1033 /* Frameworks */,
				57AE19272B8E1374008F1033 /* Resources */,
			);
			buildRules = (
			);
			dependencies = (
			);
			name = mangomDex;
			productName = mangomDex;
			productReference = 57AE19292B8E1374008F1033 /* mangomDex.app */;
			productType = "com.apple.product-type.application";
		};
/* End PBXNativeTarget section */

/* Begin PBXProject section */
		57AE19212B8E1374008F1033 /* Project object */ = {
			isa = PBXProject;
			attributes = {
				BuildIndependentTargetsInParallel = 1;
				LastSwiftUpdateCheck = 1520;
				LastUpgradeCheck = 1520;
				TargetAttributes = {
					57AE19282B8E1374008F1033 = {
						CreatedOnToolsVersion = 15.2;
					};
				};
			};
			buildConfigurationList = 57AE19242B8E1374008F1033 /* Build configuration list for PBXProject "mangomDex" */;
			compatibilityVersion = "Xcode 14.0";
			developmentRegion = en;
			hasScannedForEncodings = 0;
			knownRegions = (
				en,
				Base,
			);
			mainGroup = 57AE19202B8E1374008F1033;
			productRefGroup = 57AE192A2B8E1374008F1033 /* Products */;
			projectDirPath = "";
			projectRoot = "";
			targets = (
				57AE19282B8E1374008F1033 /* mangomDex */,
			);
		};
/* End PBXProject section */

/* Begin PBXResourcesBuildPhase section */
		57AE19272B8E1374008F1033 /* Resources */ = {
			isa = PBXResourcesBuildPhase;
			buildActionMask = 2147483647;
			files = (
				57AE195B2B8E2D4E008F1033 /* right.png in Resources */,
				57AE19552B8E27F3008F1033 /* LaunchScreen.storyboard in Resources */,
				57AE195D2B8E2F8F008F1033 /* title.png in Resources */,
				57AE19532B8E270E008F1033 /* HUDdiu150.otf in Resources */,
				57AE195A2B8E2D4E008F1033 /* left.png in Resources */,
				57AE19362B8E1376008F1033 /* Assets.xcassets in Resources */,
			);
			runOnlyForDeploymentPostprocessing = 0;
		};
/* End PBXResourcesBuildPhase section */

/* Begin PBXSourcesBuildPhase section */
		57AE19252B8E1374008F1033 /* Sources */ = {
			isa = PBXSourcesBuildPhase;
			buildActionMask = 2147483647;
			files = (
				57AE194B2B8E1E77008F1033 /* StickerViewController.swift in Sources */,
				57AE19312B8E1374008F1033 /* ProductViewController.swift in Sources */,
				57AE192D2B8E1374008F1033 /* AppDelegate.swift in Sources */,
				57AE192F2B8E1374008F1033 /* SceneDelegate.swift in Sources */,
				57AE19492B8E1CA9008F1033 /* MainTabBarControllerViewController.swift in Sources */,
				57AE194D2B8E2369008F1033 /* SettingViewController.swift in Sources */,
			);
			runOnlyForDeploymentPostprocessing = 0;
		};
/* End PBXSourcesBuildPhase section */

/* Begin XCBuildConfiguration section */
		57AE193B2B8E1376008F1033 /* Debug */ = {
			isa = XCBuildConfiguration;
			buildSettings = {
				ALWAYS_SEARCH_USER_PATHS = NO;
				ASSETCATALOG_COMPILER_GENERATE_SWIFT_ASSET_SYMBOL_EXTENSIONS = YES;
				CLANG_ANALYZER_NONNULL = YES;
				CLANG_ANALYZER_NUMBER_OBJECT_CONVERSION = YES_AGGRESSIVE;
				CLANG_CXX_LANGUAGE_STANDARD = "gnu++20";
				CLANG_ENABLE_MODULES = YES;
				CLANG_ENABLE_OBJC_ARC = YES;
				CLANG_ENABLE_OBJC_WEAK = YES;
				CLANG_WARN_BLOCK_CAPTURE_AUTORELEASING = YES;
				CLANG_WARN_BOOL_CONVERSION = YES;
				CLANG_WARN_COMMA = YES;
				CLANG_WARN_CONSTANT_CONVERSION = YES;
				CLANG_WARN_DEPRECATED_OBJC_IMPLEMENTATIONS = YES;
				CLANG_WARN_DIRECT_OBJC_ISA_USAGE = YES_ERROR;
				CLANG_WARN_DOCUMENTATION_COMMENTS = YES;
				CLANG_WARN_EMPTY_BODY = YES;
				CLANG_WARN_ENUM_CONVERSION = YES;
				CLANG_WARN_INFINITE_RECURSION = YES;
				CLANG_WARN_INT_CONVERSION = YES;
				CLANG_WARN_NON_LITERAL_NULL_CONVERSION = YES;
				CLANG_WARN_OBJC_IMPLICIT_RETAIN_SELF = YES;
				CLANG_WARN_OBJC_LITERAL_CONVERSION = YES;
				CLANG_WARN_OBJC_ROOT_CLASS = YES_ERROR;
				CLANG_WARN_QUOTED_INCLUDE_IN_FRAMEWORK_HEADER = YES;
				CLANG_WARN_RANGE_LOOP_ANALYSIS = YES;
				CLANG_WARN_STRICT_PROTOTYPES = YES;
				CLANG_WARN_SUSPICIOUS_MOVE = YES;
				CLANG_WARN_UNGUARDED_AVAILABILITY = YES_AGGRESSIVE;
				CLANG_WARN_UNREACHABLE_CODE = YES;
				CLANG_WARN__DUPLICATE_METHOD_MATCH = YES;
				COPY_PHASE_STRIP = NO;
				DEBUG_INFORMATION_FORMAT = dwarf;
				ENABLE_STRICT_OBJC_MSGSEND = YES;
				ENABLE_TESTABILITY = YES;
				ENABLE_USER_SCRIPT_SANDBOXING = YES;
				GCC_C_LANGUAGE_STANDARD = gnu17;
				GCC_DYNAMIC_NO_PIC = NO;
				GCC_NO_COMMON_BLOCKS = YES;
				GCC_OPTIMIZATION_LEVEL = 0;
				GCC_PREPROCESSOR_DEFINITIONS = (
					"DEBUG=1",
					"$(inherited)",
				);
				GCC_WARN_64_TO_32_BIT_CONVERSION = YES;
				GCC_WARN_ABOUT_RETURN_TYPE = YES_ERROR;
				GCC_WARN_UNDECLARED_SELECTOR = YES;
				GCC_WARN_UNINITIALIZED_AUTOS = YES_AGGRESSIVE;
				GCC_WARN_UNUSED_FUNCTION = YES;
				GCC_WARN_UNUSED_VARIABLE = YES;
				IPHONEOS_DEPLOYMENT_TARGET = 17.2;
				LOCALIZATION_PREFERS_STRING_CATALOGS = YES;
				MTL_ENABLE_DEBUG_INFO = INCLUDE_SOURCE;
				MTL_FAST_MATH = YES;
				ONLY_ACTIVE_ARCH = YES;
				SDKROOT = iphoneos;
				SWIFT_ACTIVE_COMPILATION_CONDITIONS = "DEBUG $(inherited)";
				SWIFT_OPTIMIZATION_LEVEL = "-Onone";
			};
			name = Debug;
		};
		57AE193C2B8E1376008F1033 /* Release */ = {
			isa = XCBuildConfiguration;
			buildSettings = {
				ALWAYS_SEARCH_USER_PATHS = NO;
				ASSETCATALOG_COMPILER_GENERATE_SWIFT_ASSET_SYMBOL_EXTENSIONS = YES;
				CLANG_ANALYZER_NONNULL = YES;
				CLANG_ANALYZER_NUMBER_OBJECT_CONVERSION = YES_AGGRESSIVE;
				CLANG_CXX_LANGUAGE_STANDARD = "gnu++20";
				CLANG_ENABLE_MODULES = YES;
				CLANG_ENABLE_OBJC_ARC = YES;
				CLANG_ENABLE_OBJC_WEAK = YES;
				CLANG_WARN_BLOCK_CAPTURE_AUTORELEASING = YES;
				CLANG_WARN_BOOL_CONVERSION = YES;
				CLANG_WARN_COMMA = YES;
				CLANG_WARN_CONSTANT_CONVERSION = YES;
				CLANG_WARN_DEPRECATED_OBJC_IMPLEMENTATIONS = YES;
				CLANG_WARN_DIRECT_OBJC_ISA_USAGE = YES_ERROR;
				CLANG_WARN_DOCUMENTATION_COMMENTS = YES;
				CLANG_WARN_EMPTY_BODY = YES;
				CLANG_WARN_ENUM_CONVERSION = YES;
				CLANG_WARN_INFINITE_RECURSION = YES;
				CLANG_WARN_INT_CONVERSION = YES;
				CLANG_WARN_NON_LITERAL_NULL_CONVERSION = YES;
				CLANG_WARN_OBJC_IMPLICIT_RETAIN_SELF = YES;
				CLANG_WARN_OBJC_LITERAL_CONVERSION = YES;
				CLANG_WARN_OBJC_ROOT_CLASS = YES_ERROR;
				CLANG_WARN_QUOTED_INCLUDE_IN_FRAMEWORK_HEADER = YES;
				CLANG_WARN_RANGE_LOOP_ANALYSIS = YES;
				CLANG_WARN_STRICT_PROTOTYPES = YES;
				CLANG_WARN_SUSPICIOUS_MOVE = YES;
				CLANG_WARN_UNGUARDED_AVAILABILITY = YES_AGGRESSIVE;
				CLANG_WARN_UNREACHABLE_CODE = YES;
				CLANG_WARN__DUPLICATE_METHOD_MATCH = YES;
				COPY_PHASE_STRIP = NO;
				DEBUG_INFORMATION_FORMAT = "dwarf-with-dsym";
				ENABLE_NS_ASSERTIONS = NO;
				ENABLE_STRICT_OBJC_MSGSEND = YES;
				ENABLE_USER_SCRIPT_SANDBOXING = YES;
				GCC_C_LANGUAGE_STANDARD = gnu17;
				GCC_NO_COMMON_BLOCKS = YES;
				GCC_WARN_64_TO_32_BIT_CONVERSION = YES;
				GCC_WARN_ABOUT_RETURN_TYPE = YES_ERROR;
				GCC_WARN_UNDECLARED_SELECTOR = YES;
				GCC_WARN_UNINITIALIZED_AUTOS = YES_AGGRESSIVE;
				GCC_WARN_UNUSED_FUNCTION = YES;
				GCC_WARN_UNUSED_VARIABLE = YES;
				IPHONEOS_DEPLOYMENT_TARGET = 17.2;
				LOCALIZATION_PREFERS_STRING_CATALOGS = YES;
				MTL_ENABLE_DEBUG_INFO = NO;
				MTL_FAST_MATH = YES;
				SDKROOT = iphoneos;
				SWIFT_COMPILATION_MODE = wholemodule;
				VALIDATE_PRODUCT = YES;
			};
			name = Release;
		};
		57AE193E2B8E1376008F1033 /* Debug */ = {
			isa = XCBuildConfiguration;
			buildSettings = {
				ASSETCATALOG_COMPILER_APPICON_NAME = AppIcon;
				ASSETCATALOG_COMPILER_GLOBAL_ACCENT_COLOR_NAME = AccentColor;
				CODE_SIGN_STYLE = Automatic;
				CURRENT_PROJECT_VERSION = 1;
				DEVELOPMENT_TEAM = B4BSCLJVA5;
				GENERATE_INFOPLIST_FILE = YES;
				INFOPLIST_FILE = mangomDex/Info.plist;
				INFOPLIST_KEY_CFBundleDisplayName = "망그러진 띠부씰 도감";
				INFOPLIST_KEY_UIApplicationSupportsIndirectInputEvents = YES;
				INFOPLIST_KEY_UILaunchStoryboardName = LaunchScreen;
				INFOPLIST_KEY_UISupportedInterfaceOrientations = UIInterfaceOrientationPortrait;
				LD_RUNPATH_SEARCH_PATHS = (
					"$(inherited)",
					"@executable_path/Frameworks",
				);
				MARKETING_VERSION = 1.0.0;
				PRODUCT_BUNDLE_IDENTIFIER = com.skku.sjsjmine129.mangomDex;
				PRODUCT_NAME = "$(TARGET_NAME)";
				SWIFT_EMIT_LOC_STRINGS = YES;
				SWIFT_VERSION = 5.0;
				TARGETED_DEVICE_FAMILY = "1,2";
			};
			name = Debug;
		};
		57AE193F2B8E1376008F1033 /* Release */ = {
			isa = XCBuildConfiguration;
			buildSettings = {
				ASSETCATALOG_COMPILER_APPICON_NAME = AppIcon;
				ASSETCATALOG_COMPILER_GLOBAL_ACCENT_COLOR_NAME = AccentColor;
				CODE_SIGN_STYLE = Automatic;
				CURRENT_PROJECT_VERSION = 1;
				DEVELOPMENT_TEAM = B4BSCLJVA5;
				GENERATE_INFOPLIST_FILE = YES;
				INFOPLIST_FILE = mangomDex/Info.plist;
				INFOPLIST_KEY_CFBundleDisplayName = "망그러진 띠부씰 도감";
				INFOPLIST_KEY_UIApplicationSupportsIndirectInputEvents = YES;
				INFOPLIST_KEY_UILaunchStoryboardName = LaunchScreen;
				INFOPLIST_KEY_UISupportedInterfaceOrientations = UIInterfaceOrientationPortrait;
				LD_RUNPATH_SEARCH_PATHS = (
					"$(inherited)",
					"@executable_path/Frameworks",
				);
				MARKETING_VERSION = 1.0.0;
				PRODUCT_BUNDLE_IDENTIFIER = com.skku.sjsjmine129.mangomDex;
				PRODUCT_NAME = "$(TARGET_NAME)";
				SWIFT_EMIT_LOC_STRINGS = YES;
				SWIFT_VERSION = 5.0;
				TARGETED_DEVICE_FAMILY = "1,2";
			};
			name = Release;
		};
/* End XCBuildConfiguration section */

/* Begin XCConfigurationList section */
		57AE19242B8E1374008F1033 /* Build configuration list for PBXProject "mangomDex" */ = {
			isa = XCConfigurationList;
			buildConfigurations = (
				57AE193B2B8E1376008F1033 /* Debug */,
				57AE193C2B8E1376008F1033 /* Release */,
			);
			defaultConfigurationIsVisible = 0;
			defaultConfigurationName = Release;
		};
		57AE193D2B8E1376008F1033 /* Build configuration list for PBXNativeTarget "mangomDex" */ = {
			isa = XCConfigurationList;
			buildConfigurations = (
				57AE193E2B8E1376008F1033 /* Debug */,
				57AE193F2B8E1376008F1033 /* Release */,
			);
			defaultConfigurationIsVisible = 0;
			defaultConfigurationName = Release;
		};
/* End XCConfigurationList section */
	};
	rootObject = 57AE19212B8E1374008F1033 /* Project object */;
}
